// !$*UTF8*$!
{
	archiveVersion = 1;
	classes = {
	};
	objectVersion = 54;
	objects = {

/* Begin PBXBuildFile section */
		02FD877B2E884AB2626B49D9 /* LaunchScreen.storyboard in Resources */ = {isa = PBXBuildFile; fileRef = 467E520B12D5F90C9C7808BB /* LaunchScreen.storyboard */; };
		0A157FFF68CCF861B43DBB09 /* Settings.bundle in Resources */ = {isa = PBXBuildFile; fileRef = 8E6E74C896B79B098BCF232F /* Settings.bundle */; };
		2C16355727E877EC006C2C24 /* AppFeature in Frameworks */ = {isa = PBXBuildFile; productRef = 2C16355627E877EC006C2C24 /* AppFeature */; };
		2C180FC72B42899800E2C9DF /* ShareExtensionDesktopFeature in Frameworks */ = {isa = PBXBuildFile; productRef = 2C180FC62B42899800E2C9DF /* ShareExtensionDesktopFeature */; };
		2C2CB21B27E9401400243281 /* AppDelegate.swift in Sources */ = {isa = PBXBuildFile; fileRef = 2C2CB21A27E9401400243281 /* AppDelegate.swift */; };
		2C56CBB22B427C4A005F7EA8 /* icon.icns in Resources */ = {isa = PBXBuildFile; fileRef = 2C56CBB12B427C4A005F7EA8 /* icon.icns */; };
		2C56CBB42B427C4A005F7EA8 /* ShareViewController.swift in Sources */ = {isa = PBXBuildFile; fileRef = 2C56CBB32B427C4A005F7EA8 /* ShareViewController.swift */; };
		2C56CBB72B427C4A005F7EA8 /* ShareViewController.xib in Resources */ = {isa = PBXBuildFile; fileRef = 2C56CBB52B427C4A005F7EA8 /* ShareViewController.xib */; };
		2C56CBBC2B427C4A005F7EA8 /* ShareExtension.appex in Embed Foundation Extensions */ = {isa = PBXBuildFile; fileRef = 2C56CBAF2B427C4A005F7EA8 /* ShareExtension.appex */; settings = {ATTRIBUTES = (RemoveHeadersOnCopy, ); }; };
		2C59E97B2B39C81500012349 /* AppDesktopFeature in Frameworks */ = {isa = PBXBuildFile; productRef = 2C59E97A2B39C81500012349 /* AppDesktopFeature */; };
		2C5E39FB27E76166008CE0FF /* Assets.xcassets in Resources */ = {isa = PBXBuildFile; fileRef = 2C5E39FA27E76166008CE0FF /* Assets.xcassets */; };
		2CA08F532B42BDE6002CB890 /* ShareExtensionMobileFeature in Frameworks */ = {isa = PBXBuildFile; productRef = 2CA08F522B42BDE6002CB890 /* ShareExtensionMobileFeature */; };
		2CAAF8E12B39C5C900479411 /* LikePicsApp.swift in Sources */ = {isa = PBXBuildFile; fileRef = 2CAAF8E02B39C5C900479411 /* LikePicsApp.swift */; };
		2CAAF8E52B39C5CB00479411 /* Assets.xcassets in Resources */ = {isa = PBXBuildFile; fileRef = 2CAAF8E42B39C5CB00479411 /* Assets.xcassets */; };
		2CBBCCD22C05EF1F006B6E73 /* PrivacyInfo.xcprivacy in Resources */ = {isa = PBXBuildFile; fileRef = 2CBBCCD12C05EF1F006B6E73 /* PrivacyInfo.xcprivacy */; };
		953320B06B0B1D6AF7D75B8F /* ShareExtension.appex in Embed Foundation Extensions */ = {isa = PBXBuildFile; fileRef = 3244CDEF6543830E6F56EDB0 /* ShareExtension.appex */; settings = {ATTRIBUTES = (RemoveHeadersOnCopy, ); }; };
		CBC0890201886D3367DEA9FA /* ShareNavigationController.swift in Sources */ = {isa = PBXBuildFile; fileRef = A27ABC8239271CCDAABD4CC4 /* ShareNavigationController.swift */; };
		CDA61B3939F06F9C0081E6D3 /* InfoPlist.strings in Resources */ = {isa = PBXBuildFile; fileRef = 313B82C59D48077CA373AC41 /* InfoPlist.strings */; };
		D63256AF1AF1B810615CDF21 /* Assets.xcassets in Resources */ = {isa = PBXBuildFile; fileRef = F8DB994011BC03FDBCB8CB48 /* Assets.xcassets */; };
/* End PBXBuildFile section */

/* Begin PBXContainerItemProxy section */
		2C56CBBA2B427C4A005F7EA8 /* PBXContainerItemProxy */ = {
			isa = PBXContainerItemProxy;
			containerPortal = A1D27652CECD923F6E7E3AAF /* Project object */;
			proxyType = 1;
			remoteGlobalIDString = 2C56CBAE2B427C4A005F7EA8;
			remoteInfo = ShareExtension;
		};
		3E03E120431047D0B109ABAC /* PBXContainerItemProxy */ = {
			isa = PBXContainerItemProxy;
			containerPortal = A1D27652CECD923F6E7E3AAF /* Project object */;
			proxyType = 1;
			remoteGlobalIDString = 921B2540D9F4435911E35DBB;
			remoteInfo = ShareExtension;
		};
/* End PBXContainerItemProxy section */

/* Begin PBXCopyFilesBuildPhase section */
		2C56CBBD2B427C4A005F7EA8 /* Embed Foundation Extensions */ = {
			isa = PBXCopyFilesBuildPhase;
			buildActionMask = 2147483647;
			dstPath = "";
			dstSubfolderSpec = 13;
			files = (
				2C56CBBC2B427C4A005F7EA8 /* ShareExtension.appex in Embed Foundation Extensions */,
			);
			name = "Embed Foundation Extensions";
			runOnlyForDeploymentPostprocessing = 0;
		};
		E1A803A7AD9C2386C6477FFC /* Embed Foundation Extensions */ = {
			isa = PBXCopyFilesBuildPhase;
			buildActionMask = 2147483647;
			dstPath = "";
			dstSubfolderSpec = 13;
			files = (
				953320B06B0B1D6AF7D75B8F /* ShareExtension.appex in Embed Foundation Extensions */,
			);
			name = "Embed Foundation Extensions";
			runOnlyForDeploymentPostprocessing = 0;
		};
/* End PBXCopyFilesBuildPhase section */

/* Begin PBXFileReference section */
		179E31659F21FC20FCCA1405 /* iOS.entitlements */ = {isa = PBXFileReference; lastKnownFileType = text.plist.entitlements; path = iOS.entitlements; sourceTree = "<group>"; };
		2C16355527E87752006C2C24 /* LikePicsKit */ = {isa = PBXFileReference; lastKnownFileType = wrapper; name = LikePicsKit; path = ../LikePicsKit; sourceTree = "<group>"; };
		2C2CB21A27E9401400243281 /* AppDelegate.swift */ = {isa = PBXFileReference; lastKnownFileType = sourcecode.swift; path = AppDelegate.swift; sourceTree = "<group>"; };
		2C56CBAF2B427C4A005F7EA8 /* ShareExtension.appex */ = {isa = PBXFileReference; explicitFileType = "wrapper.app-extension"; includeInIndex = 0; path = ShareExtension.appex; sourceTree = BUILT_PRODUCTS_DIR; };
		2C56CBB12B427C4A005F7EA8 /* icon.icns */ = {isa = PBXFileReference; lastKnownFileType = image.icns; path = icon.icns; sourceTree = "<group>"; };
		2C56CBB32B427C4A005F7EA8 /* ShareViewController.swift */ = {isa = PBXFileReference; lastKnownFileType = sourcecode.swift; path = ShareViewController.swift; sourceTree = "<group>"; };
		2C56CBB62B427C4A005F7EA8 /* Base */ = {isa = PBXFileReference; lastKnownFileType = file.xib; name = Base; path = Base.lproj/ShareViewController.xib; sourceTree = "<group>"; };
		2C56CBB82B427C4A005F7EA8 /* Info.plist */ = {isa = PBXFileReference; lastKnownFileType = text.plist.xml; path = Info.plist; sourceTree = "<group>"; };
		2C56CBB92B427C4A005F7EA8 /* ShareExtension.entitlements */ = {isa = PBXFileReference; lastKnownFileType = text.plist.entitlements; path = ShareExtension.entitlements; sourceTree = "<group>"; };
		2C5E39FA27E76166008CE0FF /* Assets.xcassets */ = {isa = PBXFileReference; lastKnownFileType = folder.assetcatalog; path = Assets.xcassets; sourceTree = "<group>"; };
		2CAAF8DE2B39C5C900479411 /* LikePics.app */ = {isa = PBXFileReference; explicitFileType = wrapper.application; includeInIndex = 0; path = LikePics.app; sourceTree = BUILT_PRODUCTS_DIR; };
		2CAAF8E02B39C5C900479411 /* LikePicsApp.swift */ = {isa = PBXFileReference; lastKnownFileType = sourcecode.swift; path = LikePicsApp.swift; sourceTree = "<group>"; };
		2CAAF8E42B39C5CB00479411 /* Assets.xcassets */ = {isa = PBXFileReference; lastKnownFileType = folder.assetcatalog; path = Assets.xcassets; sourceTree = "<group>"; };
		2CAAF8E92B39C5CB00479411 /* macOS.entitlements */ = {isa = PBXFileReference; lastKnownFileType = text.plist.entitlements; path = macOS.entitlements; sourceTree = "<group>"; };
		2CBBCCD12C05EF1F006B6E73 /* PrivacyInfo.xcprivacy */ = {isa = PBXFileReference; lastKnownFileType = text.xml; path = PrivacyInfo.xcprivacy; sourceTree = "<group>"; };
		3244CDEF6543830E6F56EDB0 /* ShareExtension.appex */ = {isa = PBXFileReference; explicitFileType = "wrapper.app-extension"; includeInIndex = 0; path = ShareExtension.appex; sourceTree = BUILT_PRODUCTS_DIR; };
		3684FED84FD8B94672573DF7 /* ja */ = {isa = PBXFileReference; lastKnownFileType = text.plist.strings; name = ja; path = ja.lproj/InfoPlist.strings; sourceTree = "<group>"; };
		4B2AB01D75A41E3263AE08BB /* en */ = {isa = PBXFileReference; lastKnownFileType = text.plist.strings; name = en; path = en.lproj/InfoPlist.strings; sourceTree = "<group>"; };
		7B507EAEA05D7AA1CB822352 /* LikePics.app */ = {isa = PBXFileReference; explicitFileType = wrapper.application; includeInIndex = 0; path = LikePics.app; sourceTree = BUILT_PRODUCTS_DIR; };
		8E6E74C896B79B098BCF232F /* Settings.bundle */ = {isa = PBXFileReference; lastKnownFileType = wrapper.cfbundle; path = Settings.bundle; sourceTree = "<group>"; };
		99B32BC78BA54672D07BD46D /* Info.plist */ = {isa = PBXFileReference; lastKnownFileType = text.plist; path = Info.plist; sourceTree = "<group>"; };
		9C02AE22E639A37C8ECEA4F3 /* Base */ = {isa = PBXFileReference; lastKnownFileType = file.storyboard; name = Base; path = Base.lproj/LaunchScreen.storyboard; sourceTree = "<group>"; };
		A2152B801E34A337DFA531E7 /* ShareExtension.entitlements */ = {isa = PBXFileReference; lastKnownFileType = text.plist.entitlements; path = ShareExtension.entitlements; sourceTree = "<group>"; };
		A27ABC8239271CCDAABD4CC4 /* ShareNavigationController.swift */ = {isa = PBXFileReference; lastKnownFileType = sourcecode.swift; path = ShareNavigationController.swift; sourceTree = "<group>"; };
		B0FBB3FC4A66892C9388F907 /* Info.plist */ = {isa = PBXFileReference; lastKnownFileType = text.plist; path = Info.plist; sourceTree = "<group>"; };
		F8DB994011BC03FDBCB8CB48 /* Assets.xcassets */ = {isa = PBXFileReference; lastKnownFileType = folder.assetcatalog; path = Assets.xcassets; sourceTree = "<group>"; };
/* End PBXFileReference section */

/* Begin PBXFrameworksBuildPhase section */
		2C56CBAC2B427C4A005F7EA8 /* Frameworks */ = {
			isa = PBXFrameworksBuildPhase;
			buildActionMask = 2147483647;
			files = (
				2C180FC72B42899800E2C9DF /* ShareExtensionDesktopFeature in Frameworks */,
			);
			runOnlyForDeploymentPostprocessing = 0;
		};
		2CAAF8DB2B39C5C900479411 /* Frameworks */ = {
			isa = PBXFrameworksBuildPhase;
			buildActionMask = 2147483647;
			files = (
				2C59E97B2B39C81500012349 /* AppDesktopFeature in Frameworks */,
			);
			runOnlyForDeploymentPostprocessing = 0;
		};
		A8B069AC82C692753522BF10 /* Frameworks */ = {
			isa = PBXFrameworksBuildPhase;
			buildActionMask = 2147483647;
			files = (
				2C16355727E877EC006C2C24 /* AppFeature in Frameworks */,
			);
			runOnlyForDeploymentPostprocessing = 0;
		};
		CE2009DA0A0F5BED63F1BB5D /* Frameworks */ = {
			isa = PBXFrameworksBuildPhase;
			buildActionMask = 2147483647;
			files = (
				2CA08F532B42BDE6002CB890 /* ShareExtensionMobileFeature in Frameworks */,
			);
			runOnlyForDeploymentPostprocessing = 0;
		};
/* End PBXFrameworksBuildPhase section */

/* Begin PBXGroup section */
		2C56CBB02B427C4A005F7EA8 /* ShareExtension (macOS) */ = {
			isa = PBXGroup;
			children = (
				2C56CBB12B427C4A005F7EA8 /* icon.icns */,
				2C56CBB32B427C4A005F7EA8 /* ShareViewController.swift */,
				2C56CBB52B427C4A005F7EA8 /* ShareViewController.xib */,
				2C56CBB82B427C4A005F7EA8 /* Info.plist */,
				2C56CBB92B427C4A005F7EA8 /* ShareExtension.entitlements */,
			);
			path = "ShareExtension (macOS)";
			sourceTree = "<group>";
		};
		2C9B91DE27E0C2F6009741FF /* Frameworks */ = {
			isa = PBXGroup;
			children = (
			);
			name = Frameworks;
			sourceTree = "<group>";
		};
		2CAAF8DF2B39C5C900479411 /* macOS */ = {
			isa = PBXGroup;
			children = (
				2CAAF8E02B39C5C900479411 /* LikePicsApp.swift */,
				2CAAF8E42B39C5CB00479411 /* Assets.xcassets */,
				2CAAF8E92B39C5CB00479411 /* macOS.entitlements */,
			);
			path = macOS;
			sourceTree = "<group>";
		};
		5E7B059DCE3EC305FA4E0FB6 /* Products */ = {
			isa = PBXGroup;
			children = (
				7B507EAEA05D7AA1CB822352 /* LikePics.app */,
				3244CDEF6543830E6F56EDB0 /* ShareExtension.appex */,
				2CAAF8DE2B39C5C900479411 /* LikePics.app */,
				2C56CBAF2B427C4A005F7EA8 /* ShareExtension.appex */,
			);
			name = Products;
			sourceTree = "<group>";
		};
		6482BC1857E1777CE6D884FA = {
			isa = PBXGroup;
			children = (
				A4EA02D9C2DAB493DA922AAF /* iOS */,
				2CAAF8DF2B39C5C900479411 /* macOS */,
				822206BA7D39F4811EA840F5 /* ShareExtension (iOS) */,
				2C56CBB02B427C4A005F7EA8 /* ShareExtension (macOS) */,
				91F9CB56E3FC3F330821A977 /* Packages */,
				5E7B059DCE3EC305FA4E0FB6 /* Products */,
				2C9B91DE27E0C2F6009741FF /* Frameworks */,
			);
			sourceTree = "<group>";
		};
		822206BA7D39F4811EA840F5 /* ShareExtension (iOS) */ = {
			isa = PBXGroup;
			children = (
				99B32BC78BA54672D07BD46D /* Info.plist */,
				A2152B801E34A337DFA531E7 /* ShareExtension.entitlements */,
				A27ABC8239271CCDAABD4CC4 /* ShareNavigationController.swift */,
				2C5E39FA27E76166008CE0FF /* Assets.xcassets */,
			);
			path = "ShareExtension (iOS)";
			sourceTree = "<group>";
		};
		90D9667538C1D6CD10CCB89E /* Resources */ = {
			isa = PBXGroup;
			children = (
				F8DB994011BC03FDBCB8CB48 /* Assets.xcassets */,
				B0FBB3FC4A66892C9388F907 /* Info.plist */,
				313B82C59D48077CA373AC41 /* InfoPlist.strings */,
				8E6E74C896B79B098BCF232F /* Settings.bundle */,
				2CBBCCD12C05EF1F006B6E73 /* PrivacyInfo.xcprivacy */,
			);
			path = Resources;
			sourceTree = "<group>";
		};
		91F9CB56E3FC3F330821A977 /* Packages */ = {
			isa = PBXGroup;
			children = (
				2C16355527E87752006C2C24 /* LikePicsKit */,
			);
			name = Packages;
			sourceTree = SOURCE_ROOT;
		};
		A4EA02D9C2DAB493DA922AAF /* iOS */ = {
			isa = PBXGroup;
			children = (
				179E31659F21FC20FCCA1405 /* iOS.entitlements */,
				90D9667538C1D6CD10CCB89E /* Resources */,
				EDE6B8CA23A1308019C9B96A /* Sources */,
			);
			path = iOS;
			sourceTree = "<group>";
		};
		EDE6B8CA23A1308019C9B96A /* Sources */ = {
			isa = PBXGroup;
			children = (
				467E520B12D5F90C9C7808BB /* LaunchScreen.storyboard */,
				2C2CB21A27E9401400243281 /* AppDelegate.swift */,
			);
			path = Sources;
			sourceTree = "<group>";
		};
/* End PBXGroup section */

/* Begin PBXNativeTarget section */
		2C56CBAE2B427C4A005F7EA8 /* ShareExtension (macOS) */ = {
			isa = PBXNativeTarget;
			buildConfigurationList = 2C56CBC22B427C4A005F7EA8 /* Build configuration list for PBXNativeTarget "ShareExtension (macOS)" */;
			buildPhases = (
				2C56CBAB2B427C4A005F7EA8 /* Sources */,
				2C56CBAC2B427C4A005F7EA8 /* Frameworks */,
				2C56CBAD2B427C4A005F7EA8 /* Resources */,
			);
			buildRules = (
			);
			dependencies = (
			);
			name = "ShareExtension (macOS)";
			packageProductDependencies = (
				2C180FC62B42899800E2C9DF /* ShareExtensionDesktopFeature */,
			);
			productName = ShareExtension;
			productReference = 2C56CBAF2B427C4A005F7EA8 /* ShareExtension.appex */;
			productType = "com.apple.product-type.app-extension";
		};
		2CAAF8DD2B39C5C900479411 /* LikePics (macOS) */ = {
			isa = PBXNativeTarget;
			buildConfigurationList = 2CAAF8EA2B39C5CB00479411 /* Build configuration list for PBXNativeTarget "LikePics (macOS)" */;
			buildPhases = (
				2CAAF8DA2B39C5C900479411 /* Sources */,
				2CAAF8DB2B39C5C900479411 /* Frameworks */,
				2CAAF8DC2B39C5C900479411 /* Resources */,
				2C56CBBD2B427C4A005F7EA8 /* Embed Foundation Extensions */,
			);
			buildRules = (
			);
			dependencies = (
				2C56CBBB2B427C4A005F7EA8 /* PBXTargetDependency */,
			);
			name = "LikePics (macOS)";
			packageProductDependencies = (
				2C59E97A2B39C81500012349 /* AppDesktopFeature */,
			);
			productName = TBox;
			productReference = 2CAAF8DE2B39C5C900479411 /* LikePics.app */;
			productType = "com.apple.product-type.application";
		};
		8084EEB0A690B12BDD5EF1B5 /* LikePics (iOS) */ = {
			isa = PBXNativeTarget;
			buildConfigurationList = C7602933657943B8D8E54DDF /* Build configuration list for PBXNativeTarget "LikePics (iOS)" */;
			buildPhases = (
				2C157FDA2B1BF2D100B96EBB /* Set Licenses to Settings.bundle */,
				2C157FD92B1BF20900B96EBB /* Set App Version to Settings.bundle */,
				9F090216CCFF843CD05BFDE2 /* Sources */,
				6EC454ECE841C07367D5F6FD /* Resources */,
				A8B069AC82C692753522BF10 /* Frameworks */,
				E1A803A7AD9C2386C6477FFC /* Embed Foundation Extensions */,
			);
			buildRules = (
			);
			dependencies = (
				EC1B0E7A11722DAAE7A51ED0 /* PBXTargetDependency */,
			);
			name = "LikePics (iOS)";
			packageProductDependencies = (
				2C16355627E877EC006C2C24 /* AppFeature */,
			);
			productName = LikePics;
			productReference = 7B507EAEA05D7AA1CB822352 /* LikePics.app */;
			productType = "com.apple.product-type.application";
		};
		921B2540D9F4435911E35DBB /* ShareExtension (iOS) */ = {
			isa = PBXNativeTarget;
			buildConfigurationList = 820399E8E2FF22F1A874547A /* Build configuration list for PBXNativeTarget "ShareExtension (iOS)" */;
			buildPhases = (
				6E08A68836D633F75FF3999D /* Sources */,
				7B85D2921118D7CD3F4391CB /* Resources */,
				CE2009DA0A0F5BED63F1BB5D /* Frameworks */,
			);
			buildRules = (
			);
			dependencies = (
			);
			name = "ShareExtension (iOS)";
			packageProductDependencies = (
				2CA08F522B42BDE6002CB890 /* ShareExtensionMobileFeature */,
			);
			productName = ShareExtension;
			productReference = 3244CDEF6543830E6F56EDB0 /* ShareExtension.appex */;
			productType = "com.apple.product-type.app-extension";
		};
/* End PBXNativeTarget section */

/* Begin PBXProject section */
		A1D27652CECD923F6E7E3AAF /* Project object */ = {
			isa = PBXProject;
			attributes = {
				BuildIndependentTargetsInParallel = YES;
				LastSwiftUpdateCheck = 1510;
				LastUpgradeCheck = 1600;
				ORGANIZATIONNAME = "Tasuku Tozawa";
				TargetAttributes = {
					2C56CBAE2B427C4A005F7EA8 = {
						CreatedOnToolsVersion = 15.1;
					};
					2CAAF8DD2B39C5C900479411 = {
						CreatedOnToolsVersion = 15.1;
					};
					8084EEB0A690B12BDD5EF1B5 = {
						DevelopmentTeam = RY2377PP7S;
						LastSwiftMigration = 1330;
						ProvisioningStyle = Manual;
					};
					921B2540D9F4435911E35DBB = {
						DevelopmentTeam = RY2377PP7S;
						ProvisioningStyle = Manual;
					};
				};
			};
			buildConfigurationList = 87408ED3E425BF527FB54634 /* Build configuration list for PBXProject "LikePics" */;
			compatibilityVersion = "Xcode 10.0";
			developmentRegion = en;
			hasScannedForEncodings = 0;
			knownRegions = (
				Base,
				en,
				ja,
			);
			mainGroup = 6482BC1857E1777CE6D884FA;
			packageReferences = (
				2C157FE22B1C002B00B96EBB /* XCRemoteSwiftPackageReference "swift" */,
			);
			projectDirPath = "";
			projectRoot = "";
			targets = (
				8084EEB0A690B12BDD5EF1B5 /* LikePics (iOS) */,
				921B2540D9F4435911E35DBB /* ShareExtension (iOS) */,
				2CAAF8DD2B39C5C900479411 /* LikePics (macOS) */,
				2C56CBAE2B427C4A005F7EA8 /* ShareExtension (macOS) */,
			);
		};
/* End PBXProject section */

/* Begin PBXResourcesBuildPhase section */
		2C56CBAD2B427C4A005F7EA8 /* Resources */ = {
			isa = PBXResourcesBuildPhase;
			buildActionMask = 2147483647;
			files = (
				2C56CBB72B427C4A005F7EA8 /* ShareViewController.xib in Resources */,
				2C56CBB22B427C4A005F7EA8 /* icon.icns in Resources */,
			);
			runOnlyForDeploymentPostprocessing = 0;
		};
		2CAAF8DC2B39C5C900479411 /* Resources */ = {
			isa = PBXResourcesBuildPhase;
			buildActionMask = 2147483647;
			files = (
				2CAAF8E52B39C5CB00479411 /* Assets.xcassets in Resources */,
			);
			runOnlyForDeploymentPostprocessing = 0;
		};
		6EC454ECE841C07367D5F6FD /* Resources */ = {
			isa = PBXResourcesBuildPhase;
			buildActionMask = 2147483647;
			files = (
				D63256AF1AF1B810615CDF21 /* Assets.xcassets in Resources */,
				CDA61B3939F06F9C0081E6D3 /* InfoPlist.strings in Resources */,
				02FD877B2E884AB2626B49D9 /* LaunchScreen.storyboard in Resources */,
				2CBBCCD22C05EF1F006B6E73 /* PrivacyInfo.xcprivacy in Resources */,
				0A157FFF68CCF861B43DBB09 /* Settings.bundle in Resources */,
			);
			runOnlyForDeploymentPostprocessing = 0;
		};
		7B85D2921118D7CD3F4391CB /* Resources */ = {
			isa = PBXResourcesBuildPhase;
			buildActionMask = 2147483647;
			files = (
				2C5E39FB27E76166008CE0FF /* Assets.xcassets in Resources */,
			);
			runOnlyForDeploymentPostprocessing = 0;
		};
/* End PBXResourcesBuildPhase section */

/* Begin PBXShellScriptBuildPhase section */
		2C157FD92B1BF20900B96EBB /* Set App Version to Settings.bundle */ = {
			isa = PBXShellScriptBuildPhase;
			alwaysOutOfDate = 1;
			buildActionMask = 2147483647;
			files = (
			);
			inputFileListPaths = (
			);
			inputPaths = (
			);
			name = "Set App Version to Settings.bundle";
			outputFileListPaths = (
			);
			outputPaths = (
			);
			runOnlyForDeploymentPostprocessing = 0;
			shellPath = /bin/sh;
			shellScript = "/usr/libexec/PlistBuddy -c \"Set :PreferenceSpecifiers:1:DefaultValue ${MARKETING_VERSION}\" \"${SRCROOT}/iOS/Resources/Settings.bundle/Root.plist\"\n";
		};
		2C157FDA2B1BF2D100B96EBB /* Set Licenses to Settings.bundle */ = {
			isa = PBXShellScriptBuildPhase;
			alwaysOutOfDate = 1;
			buildActionMask = 2147483647;
			files = (
			);
			inputFileListPaths = (
			);
			inputPaths = (
			);
			name = "Set Licenses to Settings.bundle";
			outputFileListPaths = (
			);
			outputPaths = (
			);
			runOnlyForDeploymentPostprocessing = 0;
			shellPath = /bin/sh;
			shellScript = "if [[ -f \"/opt/homebrew/bin/license-plist\" ]]; then\n    cd ${SRCROOT}/..\n    /opt/homebrew/bin/license-plist\nelse\n  echo \"warning: LicensePlist is not installed. Run 'brew install license-plist' to install it.\"\nfi\n";
		};
/* End PBXShellScriptBuildPhase section */

/* Begin PBXSourcesBuildPhase section */
		2C56CBAB2B427C4A005F7EA8 /* Sources */ = {
			isa = PBXSourcesBuildPhase;
			buildActionMask = 2147483647;
			files = (
				2C56CBB42B427C4A005F7EA8 /* ShareViewController.swift in Sources */,
			);
			runOnlyForDeploymentPostprocessing = 0;
		};
		2CAAF8DA2B39C5C900479411 /* Sources */ = {
			isa = PBXSourcesBuildPhase;
			buildActionMask = 2147483647;
			files = (
				2CAAF8E12B39C5C900479411 /* LikePicsApp.swift in Sources */,
			);
			runOnlyForDeploymentPostprocessing = 0;
		};
		6E08A68836D633F75FF3999D /* Sources */ = {
			isa = PBXSourcesBuildPhase;
			buildActionMask = 2147483647;
			files = (
				CBC0890201886D3367DEA9FA /* ShareNavigationController.swift in Sources */,
			);
			runOnlyForDeploymentPostprocessing = 0;
		};
		9F090216CCFF843CD05BFDE2 /* Sources */ = {
			isa = PBXSourcesBuildPhase;
			buildActionMask = 2147483647;
			files = (
				2C2CB21B27E9401400243281 /* AppDelegate.swift in Sources */,
			);
			runOnlyForDeploymentPostprocessing = 0;
		};
/* End PBXSourcesBuildPhase section */

/* Begin PBXTargetDependency section */
		2C56CBBB2B427C4A005F7EA8 /* PBXTargetDependency */ = {
			isa = PBXTargetDependency;
			target = 2C56CBAE2B427C4A005F7EA8 /* ShareExtension (macOS) */;
			targetProxy = 2C56CBBA2B427C4A005F7EA8 /* PBXContainerItemProxy */;
		};
		EC1B0E7A11722DAAE7A51ED0 /* PBXTargetDependency */ = {
			isa = PBXTargetDependency;
			target = 921B2540D9F4435911E35DBB /* ShareExtension (iOS) */;
			targetProxy = 3E03E120431047D0B109ABAC /* PBXContainerItemProxy */;
		};
/* End PBXTargetDependency section */

/* Begin PBXVariantGroup section */
		2C56CBB52B427C4A005F7EA8 /* ShareViewController.xib */ = {
			isa = PBXVariantGroup;
			children = (
				2C56CBB62B427C4A005F7EA8 /* Base */,
			);
			name = ShareViewController.xib;
			sourceTree = "<group>";
		};
		313B82C59D48077CA373AC41 /* InfoPlist.strings */ = {
			isa = PBXVariantGroup;
			children = (
				4B2AB01D75A41E3263AE08BB /* en */,
				3684FED84FD8B94672573DF7 /* ja */,
			);
			name = InfoPlist.strings;
			sourceTree = "<group>";
		};
		467E520B12D5F90C9C7808BB /* LaunchScreen.storyboard */ = {
			isa = PBXVariantGroup;
			children = (
				9C02AE22E639A37C8ECEA4F3 /* Base */,
			);
			name = LaunchScreen.storyboard;
			sourceTree = "<group>";
		};
/* End PBXVariantGroup section */

/* Begin XCBuildConfiguration section */
		0AD5FF743D91C1B8935B2777 /* Debug */ = {
			isa = XCBuildConfiguration;
			buildSettings = {
				ASSETCATALOG_COMPILER_APPICON_NAME = AppIcon;
				CLANG_ENABLE_MODULES = YES;
				CODE_SIGN_ENTITLEMENTS = iOS/iOS.entitlements;
				CODE_SIGN_IDENTITY = "Apple Development";
				DEVELOPMENT_TEAM = RY2377PP7S;
				INFOPLIST_FILE = iOS/Resources/Info.plist;
				IPHONEOS_DEPLOYMENT_TARGET = 15.0;
				LD_RUNPATH_SEARCH_PATHS = (
					"$(inherited)",
					"@executable_path/Frameworks",
				);
				MARKETING_VERSION = 2.22;
				PRODUCT_BUNDLE_IDENTIFIER = net.tasuwo.TBox;
				PRODUCT_NAME = LikePics;
				PROVISIONING_PROFILE_SPECIFIER = "match Development net.tasuwo.TBox";
				SDKROOT = iphoneos;
				SWIFT_OPTIMIZATION_LEVEL = "-Onone";
				SWIFT_VERSION = 6.0;
				TARGETED_DEVICE_FAMILY = "1,2";
			};
			name = Debug;
		};
		13E0BFCD6FF1569E48107458 /* Release */ = {
			isa = XCBuildConfiguration;
			buildSettings = {
				ASSETCATALOG_COMPILER_APPICON_NAME = AppIcon;
				CLANG_ENABLE_MODULES = YES;
				CODE_SIGN_ENTITLEMENTS = iOS/iOS.entitlements;
				CODE_SIGN_IDENTITY = "Apple Distribution";
				DEVELOPMENT_TEAM = RY2377PP7S;
				INFOPLIST_FILE = iOS/Resources/Info.plist;
				IPHONEOS_DEPLOYMENT_TARGET = 15.0;
				LD_RUNPATH_SEARCH_PATHS = (
					"$(inherited)",
					"@executable_path/Frameworks",
				);
				MARKETING_VERSION = 2.22;
				PRODUCT_BUNDLE_IDENTIFIER = net.tasuwo.TBox;
				PRODUCT_NAME = LikePics;
				PROVISIONING_PROFILE_SPECIFIER = "match AppStore net.tasuwo.TBox";
				SDKROOT = iphoneos;
				SWIFT_OPTIMIZATION_LEVEL = "-Onone";
				SWIFT_VERSION = 6.0;
				TARGETED_DEVICE_FAMILY = "1,2";
			};
			name = Release;
		};
		2C56CBBE2B427C4A005F7EA8 /* Debug */ = {
			isa = XCBuildConfiguration;
			buildSettings = {
				ASSETCATALOG_COMPILER_GENERATE_SWIFT_ASSET_SYMBOL_EXTENSIONS = YES;
				CLANG_CXX_LANGUAGE_STANDARD = "gnu++20";
				CODE_SIGN_ENTITLEMENTS = "ShareExtension (macOS)/ShareExtension.entitlements";
				"CODE_SIGN_IDENTITY[sdk=macosx*]" = "Mac Developer";
				CODE_SIGN_STYLE = Manual;
				COMBINE_HIDPI_IMAGES = YES;
				CURRENT_PROJECT_VERSION = 1;
				DEAD_CODE_STRIPPING = YES;
				DEVELOPMENT_TEAM = "";
				"DEVELOPMENT_TEAM[sdk=macosx*]" = RY2377PP7S;
				ENABLE_HARDENED_RUNTIME = YES;
				ENABLE_USER_SCRIPT_SANDBOXING = YES;
				GCC_C_LANGUAGE_STANDARD = gnu17;
				GENERATE_INFOPLIST_FILE = YES;
				INFOPLIST_FILE = "ShareExtension (macOS)/Info.plist";
				INFOPLIST_KEY_CFBundleDisplayName = LikePics;
				INFOPLIST_KEY_NSHumanReadableCopyright = "Copyright © 2024 Tasuku Tozawa. All rights reserved.";
				LD_RUNPATH_SEARCH_PATHS = (
					"$(inherited)",
					"@executable_path/../Frameworks",
					"@executable_path/../../../../Frameworks",
				);
				LOCALIZATION_PREFERS_STRING_CATALOGS = YES;
				MACOSX_DEPLOYMENT_TARGET = 15;
				MARKETING_VERSION = 1.0;
				PRODUCT_BUNDLE_IDENTIFIER = net.tasuwo.TBox.ShareExtension;
				PRODUCT_NAME = ShareExtension;
				PROVISIONING_PROFILE_SPECIFIER = "";
				"PROVISIONING_PROFILE_SPECIFIER[sdk=macosx*]" = "match Development net.tasuwo.TBox.ShareExtension macos";
				SDKROOT = macosx;
				SKIP_INSTALL = YES;
				SWIFT_ACTIVE_COMPILATION_CONDITIONS = "DEBUG $(inherited)";
				SWIFT_EMIT_LOC_STRINGS = YES;
				SWIFT_VERSION = 6.0;
			};
			name = Debug;
		};
		2C56CBBF2B427C4A005F7EA8 /* DebugDev */ = {
			isa = XCBuildConfiguration;
			buildSettings = {
				ASSETCATALOG_COMPILER_GENERATE_SWIFT_ASSET_SYMBOL_EXTENSIONS = YES;
				CLANG_CXX_LANGUAGE_STANDARD = "gnu++20";
				CODE_SIGN_ENTITLEMENTS = "ShareExtension (macOS)/ShareExtension.entitlements";
				"CODE_SIGN_IDENTITY[sdk=macosx*]" = "Mac Developer";
				CODE_SIGN_STYLE = Manual;
				COMBINE_HIDPI_IMAGES = YES;
				CURRENT_PROJECT_VERSION = 1;
				DEAD_CODE_STRIPPING = YES;
				DEVELOPMENT_TEAM = "";
				"DEVELOPMENT_TEAM[sdk=macosx*]" = RY2377PP7S;
				ENABLE_HARDENED_RUNTIME = YES;
				ENABLE_USER_SCRIPT_SANDBOXING = YES;
				GCC_C_LANGUAGE_STANDARD = gnu17;
				GENERATE_INFOPLIST_FILE = YES;
				INFOPLIST_FILE = "ShareExtension (macOS)/Info.plist";
				INFOPLIST_KEY_CFBundleDisplayName = LikePics;
				INFOPLIST_KEY_NSHumanReadableCopyright = "Copyright © 2024 Tasuku Tozawa. All rights reserved.";
				LD_RUNPATH_SEARCH_PATHS = (
					"$(inherited)",
					"@executable_path/../Frameworks",
					"@executable_path/../../../../Frameworks",
				);
				LOCALIZATION_PREFERS_STRING_CATALOGS = YES;
				MACOSX_DEPLOYMENT_TARGET = 15;
				MARKETING_VERSION = 1.0;
				PRODUCT_BUNDLE_IDENTIFIER = net.tasuwo.TBox.dev.ShareExtension;
				PRODUCT_NAME = ShareExtension;
				PROVISIONING_PROFILE_SPECIFIER = "";
				"PROVISIONING_PROFILE_SPECIFIER[sdk=macosx*]" = "match Development net.tasuwo.TBox.dev.ShareExtension macos";
				SDKROOT = macosx;
				SKIP_INSTALL = YES;
				SWIFT_ACTIVE_COMPILATION_CONDITIONS = "DEBUG $(inherited)";
				SWIFT_EMIT_LOC_STRINGS = YES;
				SWIFT_VERSION = 6.0;
			};
			name = DebugDev;
		};
		2C56CBC02B427C4A005F7EA8 /* Release */ = {
			isa = XCBuildConfiguration;
			buildSettings = {
				ASSETCATALOG_COMPILER_GENERATE_SWIFT_ASSET_SYMBOL_EXTENSIONS = YES;
				CLANG_CXX_LANGUAGE_STANDARD = "gnu++20";
				CODE_SIGN_ENTITLEMENTS = "ShareExtension (macOS)/ShareExtension.entitlements";
				"CODE_SIGN_IDENTITY[sdk=macosx*]" = "3rd Party Mac Developer Application";
				CODE_SIGN_STYLE = Manual;
				COMBINE_HIDPI_IMAGES = YES;
				CURRENT_PROJECT_VERSION = 1;
				DEAD_CODE_STRIPPING = YES;
				DEVELOPMENT_TEAM = "";
				"DEVELOPMENT_TEAM[sdk=macosx*]" = RY2377PP7S;
				ENABLE_HARDENED_RUNTIME = YES;
				ENABLE_USER_SCRIPT_SANDBOXING = YES;
				GCC_C_LANGUAGE_STANDARD = gnu17;
				GENERATE_INFOPLIST_FILE = YES;
				INFOPLIST_FILE = "ShareExtension (macOS)/Info.plist";
				INFOPLIST_KEY_CFBundleDisplayName = LikePics;
				INFOPLIST_KEY_NSHumanReadableCopyright = "Copyright © 2024 Tasuku Tozawa. All rights reserved.";
				LD_RUNPATH_SEARCH_PATHS = (
					"$(inherited)",
					"@executable_path/../Frameworks",
					"@executable_path/../../../../Frameworks",
				);
				LOCALIZATION_PREFERS_STRING_CATALOGS = YES;
				MACOSX_DEPLOYMENT_TARGET = 15;
				MARKETING_VERSION = 1.0;
				PRODUCT_BUNDLE_IDENTIFIER = net.tasuwo.TBox.ShareExtension;
				PRODUCT_NAME = ShareExtension;
				PROVISIONING_PROFILE_SPECIFIER = "";
				"PROVISIONING_PROFILE_SPECIFIER[sdk=macosx*]" = "match AppStore net.tasuwo.TBox.ShareExtension macos";
				SDKROOT = macosx;
				SKIP_INSTALL = YES;
				SWIFT_EMIT_LOC_STRINGS = YES;
				SWIFT_VERSION = 6.0;
			};
			name = Release;
		};
		2C56CBC12B427C4A005F7EA8 /* ReleaseDev */ = {
			isa = XCBuildConfiguration;
			buildSettings = {
				ASSETCATALOG_COMPILER_GENERATE_SWIFT_ASSET_SYMBOL_EXTENSIONS = YES;
				CLANG_CXX_LANGUAGE_STANDARD = "gnu++20";
				CODE_SIGN_ENTITLEMENTS = "ShareExtension (macOS)/ShareExtension.entitlements";
				"CODE_SIGN_IDENTITY[sdk=macosx*]" = "3rd Party Mac Developer Application";
				CODE_SIGN_STYLE = Manual;
				COMBINE_HIDPI_IMAGES = YES;
				CURRENT_PROJECT_VERSION = 1;
				DEAD_CODE_STRIPPING = YES;
				DEVELOPMENT_TEAM = "";
				"DEVELOPMENT_TEAM[sdk=macosx*]" = RY2377PP7S;
				ENABLE_HARDENED_RUNTIME = YES;
				ENABLE_USER_SCRIPT_SANDBOXING = YES;
				GCC_C_LANGUAGE_STANDARD = gnu17;
				GENERATE_INFOPLIST_FILE = YES;
				INFOPLIST_FILE = "ShareExtension (macOS)/Info.plist";
				INFOPLIST_KEY_CFBundleDisplayName = LikePics;
				INFOPLIST_KEY_NSHumanReadableCopyright = "Copyright © 2024 Tasuku Tozawa. All rights reserved.";
				LD_RUNPATH_SEARCH_PATHS = (
					"$(inherited)",
					"@executable_path/../Frameworks",
					"@executable_path/../../../../Frameworks",
				);
				LOCALIZATION_PREFERS_STRING_CATALOGS = YES;
				MACOSX_DEPLOYMENT_TARGET = 15;
				MARKETING_VERSION = 1.0;
				PRODUCT_BUNDLE_IDENTIFIER = net.tasuwo.TBox.dev.ShareExtension;
				PRODUCT_NAME = ShareExtension;
				PROVISIONING_PROFILE_SPECIFIER = "";
				"PROVISIONING_PROFILE_SPECIFIER[sdk=macosx*]" = "match AppStore net.tasuwo.TBox.dev.ShareExtension macos";
				SDKROOT = macosx;
				SKIP_INSTALL = YES;
				SWIFT_EMIT_LOC_STRINGS = YES;
				SWIFT_VERSION = 6.0;
			};
			name = ReleaseDev;
		};
		2CAAF8EB2B39C5CB00479411 /* Debug */ = {
			isa = XCBuildConfiguration;
			buildSettings = {
				ASSETCATALOG_COMPILER_APPICON_NAME = AppIcon;
				ASSETCATALOG_COMPILER_GENERATE_SWIFT_ASSET_SYMBOL_EXTENSIONS = YES;
				ASSETCATALOG_COMPILER_GLOBAL_ACCENT_COLOR_NAME = AccentColor;
				CLANG_CXX_LANGUAGE_STANDARD = "gnu++20";
				CODE_SIGN_ENTITLEMENTS = macOS/macOS.entitlements;
				"CODE_SIGN_IDENTITY[sdk=macosx*]" = "Mac Developer";
				CODE_SIGN_STYLE = Manual;
				COMBINE_HIDPI_IMAGES = YES;
				CURRENT_PROJECT_VERSION = 1;
				DEAD_CODE_STRIPPING = YES;
				DEVELOPMENT_TEAM = "";
				"DEVELOPMENT_TEAM[sdk=macosx*]" = RY2377PP7S;
				ENABLE_HARDENED_RUNTIME = YES;
				ENABLE_PREVIEWS = YES;
				ENABLE_USER_SCRIPT_SANDBOXING = YES;
				GCC_C_LANGUAGE_STANDARD = gnu17;
				GENERATE_INFOPLIST_FILE = YES;
				INFOPLIST_KEY_NSHumanReadableCopyright = "Copyright © 2023 Tasuku Tozawa. All rights reserved.";
				LD_RUNPATH_SEARCH_PATHS = (
					"$(inherited)",
					"@executable_path/../Frameworks",
				);
				LOCALIZATION_PREFERS_STRING_CATALOGS = YES;
				MACOSX_DEPLOYMENT_TARGET = 15;
				MARKETING_VERSION = 1.0;
				PRODUCT_BUNDLE_IDENTIFIER = net.tasuwo.TBox;
				PRODUCT_NAME = LikePics;
				PROVISIONING_PROFILE_SPECIFIER = "";
				"PROVISIONING_PROFILE_SPECIFIER[sdk=macosx*]" = "match Development net.tasuwo.TBox macos";
				SDKROOT = macosx;
				SWIFT_ACTIVE_COMPILATION_CONDITIONS = "DEBUG $(inherited)";
				SWIFT_EMIT_LOC_STRINGS = YES;
				SWIFT_VERSION = 6.0;
			};
			name = Debug;
		};
		2CAAF8EC2B39C5CB00479411 /* DebugDev */ = {
			isa = XCBuildConfiguration;
			buildSettings = {
				ASSETCATALOG_COMPILER_APPICON_NAME = AppIconDev;
				ASSETCATALOG_COMPILER_GENERATE_SWIFT_ASSET_SYMBOL_EXTENSIONS = YES;
				ASSETCATALOG_COMPILER_GLOBAL_ACCENT_COLOR_NAME = AccentColor;
				CLANG_CXX_LANGUAGE_STANDARD = "gnu++20";
				CODE_SIGN_ENTITLEMENTS = macOS/macOS.entitlements;
				"CODE_SIGN_IDENTITY[sdk=macosx*]" = "Mac Developer";
				CODE_SIGN_STYLE = Manual;
				COMBINE_HIDPI_IMAGES = YES;
				CURRENT_PROJECT_VERSION = 1;
				DEAD_CODE_STRIPPING = YES;
				DEVELOPMENT_TEAM = "";
				"DEVELOPMENT_TEAM[sdk=macosx*]" = RY2377PP7S;
				ENABLE_HARDENED_RUNTIME = YES;
				ENABLE_PREVIEWS = YES;
				ENABLE_USER_SCRIPT_SANDBOXING = YES;
				GCC_C_LANGUAGE_STANDARD = gnu17;
				GENERATE_INFOPLIST_FILE = YES;
				INFOPLIST_KEY_NSHumanReadableCopyright = "Copyright © 2023 Tasuku Tozawa. All rights reserved.";
				LD_RUNPATH_SEARCH_PATHS = (
					"$(inherited)",
					"@executable_path/../Frameworks",
				);
				LOCALIZATION_PREFERS_STRING_CATALOGS = YES;
				MACOSX_DEPLOYMENT_TARGET = 15;
				MARKETING_VERSION = 1.0;
				PRODUCT_BUNDLE_IDENTIFIER = net.tasuwo.TBox.dev;
				PRODUCT_NAME = LikePics;
				PROVISIONING_PROFILE_SPECIFIER = "";
				"PROVISIONING_PROFILE_SPECIFIER[sdk=macosx*]" = "match Development net.tasuwo.TBox.dev macos";
				SDKROOT = macosx;
				SWIFT_ACTIVE_COMPILATION_CONDITIONS = "DEBUG $(inherited)";
				SWIFT_EMIT_LOC_STRINGS = YES;
				SWIFT_VERSION = 6.0;
			};
			name = DebugDev;
		};
		2CAAF8ED2B39C5CB00479411 /* Release */ = {
			isa = XCBuildConfiguration;
			buildSettings = {
				ASSETCATALOG_COMPILER_APPICON_NAME = AppIcon;
				ASSETCATALOG_COMPILER_GENERATE_SWIFT_ASSET_SYMBOL_EXTENSIONS = YES;
				ASSETCATALOG_COMPILER_GLOBAL_ACCENT_COLOR_NAME = AccentColor;
				CLANG_CXX_LANGUAGE_STANDARD = "gnu++20";
				CODE_SIGN_ENTITLEMENTS = macOS/macOS.entitlements;
				"CODE_SIGN_IDENTITY[sdk=macosx*]" = "3rd Party Mac Developer Application";
				CODE_SIGN_STYLE = Manual;
				COMBINE_HIDPI_IMAGES = YES;
				CURRENT_PROJECT_VERSION = 1;
				DEAD_CODE_STRIPPING = YES;
				DEVELOPMENT_TEAM = "";
				"DEVELOPMENT_TEAM[sdk=macosx*]" = RY2377PP7S;
				ENABLE_HARDENED_RUNTIME = YES;
				ENABLE_PREVIEWS = YES;
				ENABLE_USER_SCRIPT_SANDBOXING = YES;
				GCC_C_LANGUAGE_STANDARD = gnu17;
				GENERATE_INFOPLIST_FILE = YES;
				INFOPLIST_KEY_NSHumanReadableCopyright = "Copyright © 2023 Tasuku Tozawa. All rights reserved.";
				LD_RUNPATH_SEARCH_PATHS = (
					"$(inherited)",
					"@executable_path/../Frameworks",
				);
				LOCALIZATION_PREFERS_STRING_CATALOGS = YES;
				MACOSX_DEPLOYMENT_TARGET = 15;
				MARKETING_VERSION = 1.0;
				PRODUCT_BUNDLE_IDENTIFIER = net.tasuwo.TBox;
				PRODUCT_NAME = LikePics;
				PROVISIONING_PROFILE_SPECIFIER = "";
				"PROVISIONING_PROFILE_SPECIFIER[sdk=macosx*]" = "match AppStore net.tasuwo.TBox macos";
				SDKROOT = macosx;
				SWIFT_EMIT_LOC_STRINGS = YES;
				SWIFT_VERSION = 6.0;
			};
			name = Release;
		};
		2CAAF8EE2B39C5CB00479411 /* ReleaseDev */ = {
			isa = XCBuildConfiguration;
			buildSettings = {
				ASSETCATALOG_COMPILER_APPICON_NAME = AppIconDev;
				ASSETCATALOG_COMPILER_GENERATE_SWIFT_ASSET_SYMBOL_EXTENSIONS = YES;
				ASSETCATALOG_COMPILER_GLOBAL_ACCENT_COLOR_NAME = AccentColor;
				CLANG_CXX_LANGUAGE_STANDARD = "gnu++20";
				CODE_SIGN_ENTITLEMENTS = macOS/macOS.entitlements;
				"CODE_SIGN_IDENTITY[sdk=macosx*]" = "3rd Party Mac Developer Application";
				CODE_SIGN_STYLE = Manual;
				COMBINE_HIDPI_IMAGES = YES;
				CURRENT_PROJECT_VERSION = 1;
				DEAD_CODE_STRIPPING = YES;
				DEVELOPMENT_TEAM = "";
				"DEVELOPMENT_TEAM[sdk=macosx*]" = RY2377PP7S;
				ENABLE_HARDENED_RUNTIME = YES;
				ENABLE_PREVIEWS = YES;
				ENABLE_USER_SCRIPT_SANDBOXING = YES;
				GCC_C_LANGUAGE_STANDARD = gnu17;
				GENERATE_INFOPLIST_FILE = YES;
				INFOPLIST_KEY_NSHumanReadableCopyright = "Copyright © 2023 Tasuku Tozawa. All rights reserved.";
				LD_RUNPATH_SEARCH_PATHS = (
					"$(inherited)",
					"@executable_path/../Frameworks",
				);
				LOCALIZATION_PREFERS_STRING_CATALOGS = YES;
				MACOSX_DEPLOYMENT_TARGET = 15;
				MARKETING_VERSION = 1.0;
				PRODUCT_BUNDLE_IDENTIFIER = net.tasuwo.TBox.dev;
				PRODUCT_NAME = LikePics;
				PROVISIONING_PROFILE_SPECIFIER = "";
				"PROVISIONING_PROFILE_SPECIFIER[sdk=macosx*]" = "match AppStore net.tasuwo.TBox.dev macos";
				SDKROOT = macosx;
				SWIFT_EMIT_LOC_STRINGS = YES;
				SWIFT_VERSION = 6.0;
			};
			name = ReleaseDev;
		};
		379382867C34EA70713501DD /* Debug */ = {
			isa = XCBuildConfiguration;
			buildSettings = {
				ALWAYS_SEARCH_USER_PATHS = NO;
				APP_GROUP = group.net.tasuwo.TBox;
				APP_NAME = LikePics;
				BUILD_NUMBER = 1;
				CLANG_ANALYZER_LOCALIZABILITY_NONLOCALIZED = YES;
				CLANG_ANALYZER_NONNULL = YES;
				CLANG_ANALYZER_NUMBER_OBJECT_CONVERSION = YES_AGGRESSIVE;
				CLANG_CXX_LANGUAGE_STANDARD = "gnu++14";
				CLANG_CXX_LIBRARY = "libc++";
				CLANG_ENABLE_MODULES = YES;
				CLANG_ENABLE_OBJC_ARC = YES;
				CLANG_ENABLE_OBJC_WEAK = YES;
				CLANG_WARN_BLOCK_CAPTURE_AUTORELEASING = YES;
				CLANG_WARN_BOOL_CONVERSION = YES;
				CLANG_WARN_COMMA = YES;
				CLANG_WARN_CONSTANT_CONVERSION = YES;
				CLANG_WARN_DEPRECATED_OBJC_IMPLEMENTATIONS = YES;
				CLANG_WARN_DIRECT_OBJC_ISA_USAGE = YES_ERROR;
				CLANG_WARN_DOCUMENTATION_COMMENTS = YES;
				CLANG_WARN_EMPTY_BODY = YES;
				CLANG_WARN_ENUM_CONVERSION = YES;
				CLANG_WARN_INFINITE_RECURSION = YES;
				CLANG_WARN_INT_CONVERSION = YES;
				CLANG_WARN_NON_LITERAL_NULL_CONVERSION = YES;
				CLANG_WARN_OBJC_IMPLICIT_RETAIN_SELF = YES;
				CLANG_WARN_OBJC_LITERAL_CONVERSION = YES;
				CLANG_WARN_OBJC_ROOT_CLASS = YES_ERROR;
				CLANG_WARN_QUOTED_INCLUDE_IN_FRAMEWORK_HEADER = YES;
				CLANG_WARN_RANGE_LOOP_ANALYSIS = YES;
				CLANG_WARN_STRICT_PROTOTYPES = YES;
				CLANG_WARN_SUSPICIOUS_MOVE = YES;
				CLANG_WARN_UNGUARDED_AVAILABILITY = YES_AGGRESSIVE;
				CLANG_WARN_UNREACHABLE_CODE = YES;
				CLANG_WARN__DUPLICATE_METHOD_MATCH = YES;
				CODE_SIGN_STYLE = Manual;
				COPY_PHASE_STRIP = NO;
				DEBUG_INFORMATION_FORMAT = dwarf;
				ENABLE_STRICT_OBJC_MSGSEND = YES;
				ENABLE_TESTABILITY = YES;
				GCC_C_LANGUAGE_STANDARD = gnu11;
				GCC_DYNAMIC_NO_PIC = NO;
				GCC_NO_COMMON_BLOCKS = YES;
				GCC_OPTIMIZATION_LEVEL = 0;
				GCC_PREPROCESSOR_DEFINITIONS = (
					"DEBUG=1",
					"$(inherited)",
				);
				GCC_WARN_64_TO_32_BIT_CONVERSION = YES;
				GCC_WARN_ABOUT_RETURN_TYPE = YES_ERROR;
				GCC_WARN_UNDECLARED_SELECTOR = YES;
				GCC_WARN_UNINITIALIZED_AUTOS = YES_AGGRESSIVE;
				GCC_WARN_UNUSED_FUNCTION = YES;
				GCC_WARN_UNUSED_VARIABLE = YES;
				IPHONEOS_DEPLOYMENT_TARGET = 15.0;
				I_CLOUD_CONTAINER = iCloud.net.tasuwo.TBox;
				MARKETING_VERSION = 2.22;
				MTL_ENABLE_DEBUG_INFO = INCLUDE_SOURCE;
				MTL_FAST_MATH = YES;
				ONLY_ACTIVE_ARCH = YES;
				OTHER_SWIFT_FLAGS = "-D DEBUG";
				PRODUCT_BUNDLE_IDENTIFIER = net.tasuwo.TBox;
				PRODUCT_NAME = "$(TARGET_NAME)";
				SDKROOT = iphoneos;
				SWIFT_ACTIVE_COMPILATION_CONDITIONS = DEBUG;
				SWIFT_COMPILATION_MODE = singlefile;
				SWIFT_OPTIMIZATION_LEVEL = "-Onone";
				SWIFT_VERSION = 6.0;
				TARGETED_DEVICE_FAMILY = "1,2";
			};
			name = Debug;
		};
		472BAA6081CFB43CF88B3BA9 /* DebugDev */ = {
			isa = XCBuildConfiguration;
			buildSettings = {
				ASSETCATALOG_COMPILER_APPICON_NAME = AppIconDev;
				CLANG_ENABLE_MODULES = YES;
				CODE_SIGN_ENTITLEMENTS = iOS/iOS.entitlements;
				CODE_SIGN_IDENTITY = "iPhone Developer";
				DEVELOPMENT_TEAM = RY2377PP7S;
				INFOPLIST_FILE = iOS/Resources/Info.plist;
				IPHONEOS_DEPLOYMENT_TARGET = 15.0;
				LD_RUNPATH_SEARCH_PATHS = (
					"$(inherited)",
					"@executable_path/Frameworks",
				);
				MARKETING_VERSION = 2.22;
				PRODUCT_BUNDLE_IDENTIFIER = net.tasuwo.TBox.dev;
				PRODUCT_NAME = LikePics;
				PROVISIONING_PROFILE_SPECIFIER = "match Development net.tasuwo.TBox.dev";
				SDKROOT = iphoneos;
				SWIFT_OPTIMIZATION_LEVEL = "-Onone";
				SWIFT_VERSION = 6.0;
				TARGETED_DEVICE_FAMILY = "1,2";
			};
			name = DebugDev;
		};
		613A93D3BA1C14E1C77A33C7 /* ReleaseDev */ = {
			isa = XCBuildConfiguration;
			buildSettings = {
				ASSETCATALOG_COMPILER_APPICON_NAME = AppIconDev;
				CLANG_ENABLE_MODULES = YES;
				CODE_SIGN_ENTITLEMENTS = iOS/iOS.entitlements;
				CODE_SIGN_IDENTITY = "iPhone Distribution";
				DEVELOPMENT_TEAM = RY2377PP7S;
				INFOPLIST_FILE = iOS/Resources/Info.plist;
				IPHONEOS_DEPLOYMENT_TARGET = 15.0;
				LD_RUNPATH_SEARCH_PATHS = (
					"$(inherited)",
					"@executable_path/Frameworks",
				);
				MARKETING_VERSION = 2.22;
				PRODUCT_BUNDLE_IDENTIFIER = net.tasuwo.TBox.dev;
				PRODUCT_NAME = LikePics;
				PROVISIONING_PROFILE_SPECIFIER = "match AppStore net.tasuwo.TBox.dev";
				SDKROOT = iphoneos;
				SWIFT_OPTIMIZATION_LEVEL = "-Onone";
				SWIFT_VERSION = 6.0;
				TARGETED_DEVICE_FAMILY = "1,2";
			};
			name = ReleaseDev;
		};
		BDB28CBDB2152373033F02C0 /* DebugDev */ = {
			isa = XCBuildConfiguration;
			buildSettings = {
				ALWAYS_SEARCH_USER_PATHS = NO;
				APP_GROUP = group.net.tasuwo.TBox.dev;
				APP_NAME = LikePicsDev;
				BUILD_NUMBER = 1;
				CLANG_ANALYZER_LOCALIZABILITY_NONLOCALIZED = YES;
				CLANG_ANALYZER_NONNULL = YES;
				CLANG_ANALYZER_NUMBER_OBJECT_CONVERSION = YES_AGGRESSIVE;
				CLANG_CXX_LANGUAGE_STANDARD = "gnu++14";
				CLANG_CXX_LIBRARY = "libc++";
				CLANG_ENABLE_MODULES = YES;
				CLANG_ENABLE_OBJC_ARC = YES;
				CLANG_ENABLE_OBJC_WEAK = YES;
				CLANG_WARN_BLOCK_CAPTURE_AUTORELEASING = YES;
				CLANG_WARN_BOOL_CONVERSION = YES;
				CLANG_WARN_COMMA = YES;
				CLANG_WARN_CONSTANT_CONVERSION = YES;
				CLANG_WARN_DEPRECATED_OBJC_IMPLEMENTATIONS = YES;
				CLANG_WARN_DIRECT_OBJC_ISA_USAGE = YES_ERROR;
				CLANG_WARN_DOCUMENTATION_COMMENTS = YES;
				CLANG_WARN_EMPTY_BODY = YES;
				CLANG_WARN_ENUM_CONVERSION = YES;
				CLANG_WARN_INFINITE_RECURSION = YES;
				CLANG_WARN_INT_CONVERSION = YES;
				CLANG_WARN_NON_LITERAL_NULL_CONVERSION = YES;
				CLANG_WARN_OBJC_IMPLICIT_RETAIN_SELF = YES;
				CLANG_WARN_OBJC_LITERAL_CONVERSION = YES;
				CLANG_WARN_OBJC_ROOT_CLASS = YES_ERROR;
				CLANG_WARN_QUOTED_INCLUDE_IN_FRAMEWORK_HEADER = YES;
				CLANG_WARN_RANGE_LOOP_ANALYSIS = YES;
				CLANG_WARN_STRICT_PROTOTYPES = YES;
				CLANG_WARN_SUSPICIOUS_MOVE = YES;
				CLANG_WARN_UNGUARDED_AVAILABILITY = YES_AGGRESSIVE;
				CLANG_WARN_UNREACHABLE_CODE = YES;
				CLANG_WARN__DUPLICATE_METHOD_MATCH = YES;
				CODE_SIGN_STYLE = Manual;
				COPY_PHASE_STRIP = NO;
				DEBUG_INFORMATION_FORMAT = dwarf;
				ENABLE_STRICT_OBJC_MSGSEND = YES;
				ENABLE_TESTABILITY = YES;
				GCC_C_LANGUAGE_STANDARD = gnu11;
				GCC_DYNAMIC_NO_PIC = NO;
				GCC_NO_COMMON_BLOCKS = YES;
				GCC_OPTIMIZATION_LEVEL = 0;
				GCC_PREPROCESSOR_DEFINITIONS = (
					"DEBUG=1",
					"$(inherited)",
				);
				GCC_WARN_64_TO_32_BIT_CONVERSION = YES;
				GCC_WARN_ABOUT_RETURN_TYPE = YES_ERROR;
				GCC_WARN_UNDECLARED_SELECTOR = YES;
				GCC_WARN_UNINITIALIZED_AUTOS = YES_AGGRESSIVE;
				GCC_WARN_UNUSED_FUNCTION = YES;
				GCC_WARN_UNUSED_VARIABLE = YES;
				IPHONEOS_DEPLOYMENT_TARGET = 15.0;
				I_CLOUD_CONTAINER = iCloud.net.tasuwo.TBox.dev;
				MARKETING_VERSION = 2.22;
				MTL_ENABLE_DEBUG_INFO = INCLUDE_SOURCE;
				MTL_FAST_MATH = YES;
				ONLY_ACTIVE_ARCH = YES;
				OTHER_SWIFT_FLAGS = "-D DEBUG";
				PRODUCT_BUNDLE_IDENTIFIER = net.tasuwo.TBox.dev;
				PRODUCT_NAME = "$(TARGET_NAME)";
				SDKROOT = iphoneos;
				SWIFT_ACTIVE_COMPILATION_CONDITIONS = DEBUG;
				SWIFT_COMPILATION_MODE = singlefile;
				SWIFT_OPTIMIZATION_LEVEL = "-Onone";
				SWIFT_VERSION = 6.0;
				TARGETED_DEVICE_FAMILY = "1,2";
			};
			name = DebugDev;
		};
		BE5BF377D992E0CDD3D59B3E /* ReleaseDev */ = {
			isa = XCBuildConfiguration;
			buildSettings = {
				ALWAYS_SEARCH_USER_PATHS = NO;
				APP_GROUP = group.net.tasuwo.TBox.dev;
				APP_NAME = LikePicsDev;
				BUILD_NUMBER = 1;
				CLANG_ANALYZER_LOCALIZABILITY_NONLOCALIZED = YES;
				CLANG_ANALYZER_NONNULL = YES;
				CLANG_ANALYZER_NUMBER_OBJECT_CONVERSION = YES_AGGRESSIVE;
				CLANG_CXX_LANGUAGE_STANDARD = "gnu++14";
				CLANG_CXX_LIBRARY = "libc++";
				CLANG_ENABLE_MODULES = YES;
				CLANG_ENABLE_OBJC_ARC = YES;
				CLANG_ENABLE_OBJC_WEAK = YES;
				CLANG_WARN_BLOCK_CAPTURE_AUTORELEASING = YES;
				CLANG_WARN_BOOL_CONVERSION = YES;
				CLANG_WARN_COMMA = YES;
				CLANG_WARN_CONSTANT_CONVERSION = YES;
				CLANG_WARN_DEPRECATED_OBJC_IMPLEMENTATIONS = YES;
				CLANG_WARN_DIRECT_OBJC_ISA_USAGE = YES_ERROR;
				CLANG_WARN_DOCUMENTATION_COMMENTS = YES;
				CLANG_WARN_EMPTY_BODY = YES;
				CLANG_WARN_ENUM_CONVERSION = YES;
				CLANG_WARN_INFINITE_RECURSION = YES;
				CLANG_WARN_INT_CONVERSION = YES;
				CLANG_WARN_NON_LITERAL_NULL_CONVERSION = YES;
				CLANG_WARN_OBJC_IMPLICIT_RETAIN_SELF = YES;
				CLANG_WARN_OBJC_LITERAL_CONVERSION = YES;
				CLANG_WARN_OBJC_ROOT_CLASS = YES_ERROR;
				CLANG_WARN_QUOTED_INCLUDE_IN_FRAMEWORK_HEADER = YES;
				CLANG_WARN_RANGE_LOOP_ANALYSIS = YES;
				CLANG_WARN_STRICT_PROTOTYPES = YES;
				CLANG_WARN_SUSPICIOUS_MOVE = YES;
				CLANG_WARN_UNGUARDED_AVAILABILITY = YES_AGGRESSIVE;
				CLANG_WARN_UNREACHABLE_CODE = YES;
				CLANG_WARN__DUPLICATE_METHOD_MATCH = YES;
				CODE_SIGN_STYLE = Manual;
				COPY_PHASE_STRIP = NO;
				DEBUG_INFORMATION_FORMAT = "dwarf-with-dsym";
				ENABLE_NS_ASSERTIONS = NO;
				ENABLE_STRICT_OBJC_MSGSEND = YES;
				ENABLE_TESTABILITY = NO;
				GCC_C_LANGUAGE_STANDARD = gnu11;
				GCC_DYNAMIC_NO_PIC = NO;
				GCC_NO_COMMON_BLOCKS = YES;
				GCC_OPTIMIZATION_LEVEL = 0;
				GCC_WARN_64_TO_32_BIT_CONVERSION = YES;
				GCC_WARN_ABOUT_RETURN_TYPE = YES_ERROR;
				GCC_WARN_UNDECLARED_SELECTOR = YES;
				GCC_WARN_UNINITIALIZED_AUTOS = YES_AGGRESSIVE;
				GCC_WARN_UNUSED_FUNCTION = YES;
				GCC_WARN_UNUSED_VARIABLE = YES;
				IPHONEOS_DEPLOYMENT_TARGET = 15.0;
				I_CLOUD_CONTAINER = iCloud.net.tasuwo.TBox.dev;
				MARKETING_VERSION = 2.22;
				MTL_ENABLE_DEBUG_INFO = NO;
				MTL_FAST_MATH = YES;
				ONLY_ACTIVE_ARCH = NO;
				PRODUCT_BUNDLE_IDENTIFIER = net.tasuwo.TBox.dev;
				PRODUCT_NAME = "$(TARGET_NAME)";
				SDKROOT = iphoneos;
				SWIFT_COMPILATION_MODE = wholemodule;
				SWIFT_OPTIMIZATION_LEVEL = "-O";
				SWIFT_VERSION = 6.0;
				TARGETED_DEVICE_FAMILY = "1,2";
				VALIDATE_PRODUCT = YES;
			};
			name = ReleaseDev;
		};
		C80699BCFB2825C9A26AFC2D /* Debug */ = {
			isa = XCBuildConfiguration;
			buildSettings = {
				CODE_SIGN_ENTITLEMENTS = "ShareExtension (iOS)/ShareExtension.entitlements";
				DEVELOPMENT_TEAM = RY2377PP7S;
				INFOPLIST_FILE = "ShareExtension (iOS)/Info.plist";
				IPHONEOS_DEPLOYMENT_TARGET = 15.0;
				LD_RUNPATH_SEARCH_PATHS = (
					"$(inherited)",
					"@executable_path/Frameworks",
					"@executable_path/../../Frameworks",
				);
				PRODUCT_BUNDLE_IDENTIFIER = net.tasuwo.TBox.ShareExtension;
				PRODUCT_NAME = ShareExtension;
				PROVISIONING_PROFILE_SPECIFIER = "match Development net.tasuwo.TBox.ShareExtension";
				SDKROOT = iphoneos;
				SKIP_INSTALL = YES;
				TARGETED_DEVICE_FAMILY = "1,2";
			};
			name = Debug;
		};
		CED0B33E6B329493A2F3EB44 /* Release */ = {
			isa = XCBuildConfiguration;
			buildSettings = {
				ALWAYS_SEARCH_USER_PATHS = NO;
				APP_GROUP = group.net.tasuwo.TBox;
				APP_NAME = LikePics;
				BUILD_NUMBER = 1;
				CLANG_ANALYZER_LOCALIZABILITY_NONLOCALIZED = YES;
				CLANG_ANALYZER_NONNULL = YES;
				CLANG_ANALYZER_NUMBER_OBJECT_CONVERSION = YES_AGGRESSIVE;
				CLANG_CXX_LANGUAGE_STANDARD = "gnu++14";
				CLANG_CXX_LIBRARY = "libc++";
				CLANG_ENABLE_MODULES = YES;
				CLANG_ENABLE_OBJC_ARC = YES;
				CLANG_ENABLE_OBJC_WEAK = YES;
				CLANG_WARN_BLOCK_CAPTURE_AUTORELEASING = YES;
				CLANG_WARN_BOOL_CONVERSION = YES;
				CLANG_WARN_COMMA = YES;
				CLANG_WARN_CONSTANT_CONVERSION = YES;
				CLANG_WARN_DEPRECATED_OBJC_IMPLEMENTATIONS = YES;
				CLANG_WARN_DIRECT_OBJC_ISA_USAGE = YES_ERROR;
				CLANG_WARN_DOCUMENTATION_COMMENTS = YES;
				CLANG_WARN_EMPTY_BODY = YES;
				CLANG_WARN_ENUM_CONVERSION = YES;
				CLANG_WARN_INFINITE_RECURSION = YES;
				CLANG_WARN_INT_CONVERSION = YES;
				CLANG_WARN_NON_LITERAL_NULL_CONVERSION = YES;
				CLANG_WARN_OBJC_IMPLICIT_RETAIN_SELF = YES;
				CLANG_WARN_OBJC_LITERAL_CONVERSION = YES;
				CLANG_WARN_OBJC_ROOT_CLASS = YES_ERROR;
				CLANG_WARN_QUOTED_INCLUDE_IN_FRAMEWORK_HEADER = YES;
				CLANG_WARN_RANGE_LOOP_ANALYSIS = YES;
				CLANG_WARN_STRICT_PROTOTYPES = YES;
				CLANG_WARN_SUSPICIOUS_MOVE = YES;
				CLANG_WARN_UNGUARDED_AVAILABILITY = YES_AGGRESSIVE;
				CLANG_WARN_UNREACHABLE_CODE = YES;
				CLANG_WARN__DUPLICATE_METHOD_MATCH = YES;
				CODE_SIGN_STYLE = Manual;
				COPY_PHASE_STRIP = NO;
				DEBUG_INFORMATION_FORMAT = "dwarf-with-dsym";
				ENABLE_NS_ASSERTIONS = NO;
				ENABLE_STRICT_OBJC_MSGSEND = YES;
				ENABLE_TESTABILITY = NO;
				GCC_C_LANGUAGE_STANDARD = gnu11;
				GCC_DYNAMIC_NO_PIC = NO;
				GCC_NO_COMMON_BLOCKS = YES;
				GCC_OPTIMIZATION_LEVEL = 0;
				GCC_WARN_64_TO_32_BIT_CONVERSION = YES;
				GCC_WARN_ABOUT_RETURN_TYPE = YES_ERROR;
				GCC_WARN_UNDECLARED_SELECTOR = YES;
				GCC_WARN_UNINITIALIZED_AUTOS = YES_AGGRESSIVE;
				GCC_WARN_UNUSED_FUNCTION = YES;
				GCC_WARN_UNUSED_VARIABLE = YES;
				IPHONEOS_DEPLOYMENT_TARGET = 15.0;
				I_CLOUD_CONTAINER = iCloud.net.tasuwo.TBox;
				MARKETING_VERSION = 2.22;
				MTL_ENABLE_DEBUG_INFO = NO;
				MTL_FAST_MATH = YES;
				ONLY_ACTIVE_ARCH = NO;
				PRODUCT_BUNDLE_IDENTIFIER = net.tasuwo.TBox;
				PRODUCT_NAME = "$(TARGET_NAME)";
				SDKROOT = iphoneos;
				SWIFT_COMPILATION_MODE = wholemodule;
				SWIFT_OPTIMIZATION_LEVEL = "-O";
				SWIFT_VERSION = 6.0;
				TARGETED_DEVICE_FAMILY = "1,2";
			};
			name = Release;
		};
		DEAEBA83907B1C40E5F4514B /* ReleaseDev */ = {
			isa = XCBuildConfiguration;
			buildSettings = {
				CODE_SIGN_ENTITLEMENTS = "ShareExtension (iOS)/ShareExtension.entitlements";
				CODE_SIGN_IDENTITY = "iPhone Distribution";
				DEVELOPMENT_TEAM = RY2377PP7S;
				INFOPLIST_FILE = "ShareExtension (iOS)/Info.plist";
				IPHONEOS_DEPLOYMENT_TARGET = 15.0;
				LD_RUNPATH_SEARCH_PATHS = (
					"$(inherited)",
					"@executable_path/Frameworks",
					"@executable_path/../../Frameworks",
				);
				PRODUCT_BUNDLE_IDENTIFIER = net.tasuwo.TBox.dev.ShareExtension;
				PRODUCT_NAME = ShareExtension;
				PROVISIONING_PROFILE_SPECIFIER = "match AppStore net.tasuwo.TBox.dev.ShareExtension";
				SDKROOT = iphoneos;
				SKIP_INSTALL = YES;
				TARGETED_DEVICE_FAMILY = "1,2";
			};
			name = ReleaseDev;
		};
		E5FFF59ADDE0143011D9D5FB /* Release */ = {
			isa = XCBuildConfiguration;
			buildSettings = {
				CODE_SIGN_ENTITLEMENTS = "ShareExtension (iOS)/ShareExtension.entitlements";
				CODE_SIGN_IDENTITY = "iPhone Distribution";
				DEVELOPMENT_TEAM = RY2377PP7S;
				INFOPLIST_FILE = "ShareExtension (iOS)/Info.plist";
				IPHONEOS_DEPLOYMENT_TARGET = 15.0;
				LD_RUNPATH_SEARCH_PATHS = (
					"$(inherited)",
					"@executable_path/Frameworks",
					"@executable_path/../../Frameworks",
				);
				PRODUCT_BUNDLE_IDENTIFIER = net.tasuwo.TBox.ShareExtension;
				PRODUCT_NAME = ShareExtension;
				PROVISIONING_PROFILE_SPECIFIER = "match AppStore net.tasuwo.TBox.ShareExtension";
				SDKROOT = iphoneos;
				SKIP_INSTALL = YES;
				TARGETED_DEVICE_FAMILY = "1,2";
			};
			name = Release;
		};
		FE3A060DEB93478E4CDA6ACE /* DebugDev */ = {
			isa = XCBuildConfiguration;
			buildSettings = {
				CODE_SIGN_ENTITLEMENTS = "ShareExtension (iOS)/ShareExtension.entitlements";
				DEVELOPMENT_TEAM = RY2377PP7S;
				INFOPLIST_FILE = "ShareExtension (iOS)/Info.plist";
				IPHONEOS_DEPLOYMENT_TARGET = 15.0;
				LD_RUNPATH_SEARCH_PATHS = (
					"$(inherited)",
					"@executable_path/Frameworks",
					"@executable_path/../../Frameworks",
				);
				PRODUCT_BUNDLE_IDENTIFIER = net.tasuwo.TBox.dev.ShareExtension;
				PRODUCT_NAME = ShareExtension;
				PROVISIONING_PROFILE_SPECIFIER = "match Development net.tasuwo.TBox.dev.ShareExtension";
				SDKROOT = iphoneos;
				SKIP_INSTALL = YES;
				TARGETED_DEVICE_FAMILY = "1,2";
			};
			name = DebugDev;
		};
/* End XCBuildConfiguration section */

/* Begin XCConfigurationList section */
		2C56CBC22B427C4A005F7EA8 /* Build configuration list for PBXNativeTarget "ShareExtension (macOS)" */ = {
			isa = XCConfigurationList;
			buildConfigurations = (
				2C56CBBE2B427C4A005F7EA8 /* Debug */,
				2C56CBBF2B427C4A005F7EA8 /* DebugDev */,
				2C56CBC02B427C4A005F7EA8 /* Release */,
				2C56CBC12B427C4A005F7EA8 /* ReleaseDev */,
			);
			defaultConfigurationIsVisible = 0;
			defaultConfigurationName = Release;
		};
		2CAAF8EA2B39C5CB00479411 /* Build configuration list for PBXNativeTarget "LikePics (macOS)" */ = {
			isa = XCConfigurationList;
			buildConfigurations = (
				2CAAF8EB2B39C5CB00479411 /* Debug */,
				2CAAF8EC2B39C5CB00479411 /* DebugDev */,
				2CAAF8ED2B39C5CB00479411 /* Release */,
				2CAAF8EE2B39C5CB00479411 /* ReleaseDev */,
			);
			defaultConfigurationIsVisible = 0;
			defaultConfigurationName = Release;
		};
		820399E8E2FF22F1A874547A /* Build configuration list for PBXNativeTarget "ShareExtension (iOS)" */ = {
			isa = XCConfigurationList;
			buildConfigurations = (
				C80699BCFB2825C9A26AFC2D /* Debug */,
				FE3A060DEB93478E4CDA6ACE /* DebugDev */,
				E5FFF59ADDE0143011D9D5FB /* Release */,
				DEAEBA83907B1C40E5F4514B /* ReleaseDev */,
			);
			defaultConfigurationIsVisible = 0;
			defaultConfigurationName = Release;
		};
		87408ED3E425BF527FB54634 /* Build configuration list for PBXProject "LikePics" */ = {
			isa = XCConfigurationList;
			buildConfigurations = (
				379382867C34EA70713501DD /* Debug */,
				BDB28CBDB2152373033F02C0 /* DebugDev */,
				CED0B33E6B329493A2F3EB44 /* Release */,
				BE5BF377D992E0CDD3D59B3E /* ReleaseDev */,
			);
			defaultConfigurationIsVisible = 0;
			defaultConfigurationName = Release;
		};
		C7602933657943B8D8E54DDF /* Build configuration list for PBXNativeTarget "LikePics (iOS)" */ = {
			isa = XCConfigurationList;
			buildConfigurations = (
				0AD5FF743D91C1B8935B2777 /* Debug */,
				472BAA6081CFB43CF88B3BA9 /* DebugDev */,
				13E0BFCD6FF1569E48107458 /* Release */,
				613A93D3BA1C14E1C77A33C7 /* ReleaseDev */,
			);
			defaultConfigurationIsVisible = 0;
			defaultConfigurationName = Release;
		};
/* End XCConfigurationList section */

/* Begin XCRemoteSwiftPackageReference section */
		2C157FE22B1C002B00B96EBB /* XCRemoteSwiftPackageReference "swift" */ = {
			isa = XCRemoteSwiftPackageReference;
			repositoryURL = "https://github.com/tasuwo/swift";
			requirement = {
				kind = upToNextMajorVersion;
				minimumVersion = 0.7.0;
			};
		};
/* End XCRemoteSwiftPackageReference section */

/* Begin XCSwiftPackageProductDependency section */
		2C16355627E877EC006C2C24 /* AppFeature */ = {
			isa = XCSwiftPackageProductDependency;
			productName = AppFeature;
		};
		2C180FC62B42899800E2C9DF /* ShareExtensionDesktopFeature */ = {
			isa = XCSwiftPackageProductDependency;
			productName = ShareExtensionDesktopFeature;
		};
		2C59E97A2B39C81500012349 /* AppDesktopFeature */ = {
			isa = XCSwiftPackageProductDependency;
			productName = AppDesktopFeature;
		};
		2CA08F522B42BDE6002CB890 /* ShareExtensionMobileFeature */ = {
			isa = XCSwiftPackageProductDependency;
			productName = ShareExtensionMobileFeature;
		};
/* End XCSwiftPackageProductDependency section */
	};
	rootObject = A1D27652CECD923F6E7E3AAF /* Project object */;
}
