// !$*UTF8*$!
{
	archiveVersion = 1;
	classes = {
	};
	objectVersion = 52;
	objects = {

/* Begin PBXBuildFile section */
		02FD877B2E884AB2626B49D9 /* LaunchScreen.storyboard in Resources */ = {isa = PBXBuildFile; fileRef = 467E520B12D5F90C9C7808BB /* LaunchScreen.storyboard */; };
		0A157FFF68CCF861B43DBB09 /* Settings.bundle in Resources */ = {isa = PBXBuildFile; fileRef = 8E6E74C896B79B098BCF232F /* Settings.bundle */; };
		2C16355727E877EC006C2C24 /* AppFeature in Frameworks */ = {isa = PBXBuildFile; productRef = 2C16355627E877EC006C2C24 /* AppFeature */; };
		2C16355927E877F9006C2C24 /* ShareExtensionFeature in Frameworks */ = {isa = PBXBuildFile; productRef = 2C16355827E877F9006C2C24 /* ShareExtensionFeature */; };
		2C2CB21B27E9401400243281 /* AppDelegate.swift in Sources */ = {isa = PBXBuildFile; fileRef = 2C2CB21A27E9401400243281 /* AppDelegate.swift */; };
		2C5E39FB27E76166008CE0FF /* Assets.xcassets in Resources */ = {isa = PBXBuildFile; fileRef = 2C5E39FA27E76166008CE0FF /* Assets.xcassets */; };
		953320B06B0B1D6AF7D75B8F /* ShareExtension.appex in Embed App Extensions */ = {isa = PBXBuildFile; fileRef = 3244CDEF6543830E6F56EDB0 /* ShareExtension.appex */; settings = {ATTRIBUTES = (RemoveHeadersOnCopy, ); }; };
		CBC0890201886D3367DEA9FA /* ShareNavigationController.swift in Sources */ = {isa = PBXBuildFile; fileRef = A27ABC8239271CCDAABD4CC4 /* ShareNavigationController.swift */; };
		CDA61B3939F06F9C0081E6D3 /* InfoPlist.strings in Resources */ = {isa = PBXBuildFile; fileRef = 313B82C59D48077CA373AC41 /* InfoPlist.strings */; };
		D63256AF1AF1B810615CDF21 /* Assets.xcassets in Resources */ = {isa = PBXBuildFile; fileRef = F8DB994011BC03FDBCB8CB48 /* Assets.xcassets */; };
/* End PBXBuildFile section */

/* Begin PBXContainerItemProxy section */
		3E03E120431047D0B109ABAC /* PBXContainerItemProxy */ = {
			isa = PBXContainerItemProxy;
			containerPortal = A1D27652CECD923F6E7E3AAF /* Project object */;
			proxyType = 1;
			remoteGlobalIDString = 921B2540D9F4435911E35DBB;
			remoteInfo = ShareExtension;
		};
/* End PBXContainerItemProxy section */

/* Begin PBXCopyFilesBuildPhase section */
		E1A803A7AD9C2386C6477FFC /* Embed App Extensions */ = {
			isa = PBXCopyFilesBuildPhase;
			buildActionMask = 2147483647;
			dstPath = "";
			dstSubfolderSpec = 13;
			files = (
				953320B06B0B1D6AF7D75B8F /* ShareExtension.appex in Embed App Extensions */,
			);
			name = "Embed App Extensions";
			runOnlyForDeploymentPostprocessing = 0;
		};
/* End PBXCopyFilesBuildPhase section */

/* Begin PBXFileReference section */
		179E31659F21FC20FCCA1405 /* LikePics.entitlements */ = {isa = PBXFileReference; lastKnownFileType = text.plist.entitlements; path = LikePics.entitlements; sourceTree = "<group>"; };
		2C16355527E87752006C2C24 /* LikePicsKit */ = {isa = PBXFileReference; lastKnownFileType = wrapper; name = LikePicsKit; path = ../LikePicsKit; sourceTree = "<group>"; };
		2C2CB21A27E9401400243281 /* AppDelegate.swift */ = {isa = PBXFileReference; lastKnownFileType = sourcecode.swift; path = AppDelegate.swift; sourceTree = "<group>"; };
		2C5E39FA27E76166008CE0FF /* Assets.xcassets */ = {isa = PBXFileReference; lastKnownFileType = folder.assetcatalog; path = Assets.xcassets; sourceTree = "<group>"; };
		3244CDEF6543830E6F56EDB0 /* ShareExtension.appex */ = {isa = PBXFileReference; includeInIndex = 0; lastKnownFileType = "wrapper.app-extension"; path = ShareExtension.appex; sourceTree = BUILT_PRODUCTS_DIR; };
		3684FED84FD8B94672573DF7 /* ja */ = {isa = PBXFileReference; lastKnownFileType = text.plist.strings; name = ja; path = ja.lproj/InfoPlist.strings; sourceTree = "<group>"; };
		4B2AB01D75A41E3263AE08BB /* en */ = {isa = PBXFileReference; lastKnownFileType = text.plist.strings; name = en; path = en.lproj/InfoPlist.strings; sourceTree = "<group>"; };
		7B507EAEA05D7AA1CB822352 /* LikePics.app */ = {isa = PBXFileReference; explicitFileType = wrapper.application; includeInIndex = 0; path = LikePics.app; sourceTree = BUILT_PRODUCTS_DIR; };
		8E6E74C896B79B098BCF232F /* Settings.bundle */ = {isa = PBXFileReference; lastKnownFileType = wrapper.cfbundle; path = Settings.bundle; sourceTree = "<group>"; };
		99B32BC78BA54672D07BD46D /* Info.plist */ = {isa = PBXFileReference; lastKnownFileType = text.plist; path = Info.plist; sourceTree = "<group>"; };
		9C02AE22E639A37C8ECEA4F3 /* Base */ = {isa = PBXFileReference; lastKnownFileType = file.storyboard; name = Base; path = Base.lproj/LaunchScreen.storyboard; sourceTree = "<group>"; };
		A2152B801E34A337DFA531E7 /* ShareExtension.entitlements */ = {isa = PBXFileReference; lastKnownFileType = text.plist.entitlements; path = ShareExtension.entitlements; sourceTree = "<group>"; };
		A27ABC8239271CCDAABD4CC4 /* ShareNavigationController.swift */ = {isa = PBXFileReference; lastKnownFileType = sourcecode.swift; path = ShareNavigationController.swift; sourceTree = "<group>"; };
		B0FBB3FC4A66892C9388F907 /* Info.plist */ = {isa = PBXFileReference; lastKnownFileType = text.plist; path = Info.plist; sourceTree = "<group>"; };
		F8DB994011BC03FDBCB8CB48 /* Assets.xcassets */ = {isa = PBXFileReference; lastKnownFileType = folder.assetcatalog; path = Assets.xcassets; sourceTree = "<group>"; };
/* End PBXFileReference section */

/* Begin PBXFrameworksBuildPhase section */
		A8B069AC82C692753522BF10 /* Frameworks */ = {
			isa = PBXFrameworksBuildPhase;
			buildActionMask = 2147483647;
			files = (
				2C16355727E877EC006C2C24 /* AppFeature in Frameworks */,
			);
			runOnlyForDeploymentPostprocessing = 0;
		};
		CE2009DA0A0F5BED63F1BB5D /* Frameworks */ = {
			isa = PBXFrameworksBuildPhase;
			buildActionMask = 2147483647;
			files = (
				2C16355927E877F9006C2C24 /* ShareExtensionFeature in Frameworks */,
			);
			runOnlyForDeploymentPostprocessing = 0;
		};
/* End PBXFrameworksBuildPhase section */

/* Begin PBXGroup section */
		2C9B91DE27E0C2F6009741FF /* Frameworks */ = {
			isa = PBXGroup;
			children = (
			);
			name = Frameworks;
			sourceTree = "<group>";
		};
		5E7B059DCE3EC305FA4E0FB6 /* Products */ = {
			isa = PBXGroup;
			children = (
				7B507EAEA05D7AA1CB822352 /* LikePics.app */,
				3244CDEF6543830E6F56EDB0 /* ShareExtension.appex */,
			);
			name = Products;
			sourceTree = "<group>";
		};
		6482BC1857E1777CE6D884FA = {
			isa = PBXGroup;
			children = (
				A4EA02D9C2DAB493DA922AAF /* LikePics */,
				822206BA7D39F4811EA840F5 /* ShareExtension */,
				91F9CB56E3FC3F330821A977 /* Packages */,
				5E7B059DCE3EC305FA4E0FB6 /* Products */,
				2C9B91DE27E0C2F6009741FF /* Frameworks */,
			);
			sourceTree = "<group>";
		};
		822206BA7D39F4811EA840F5 /* ShareExtension */ = {
			isa = PBXGroup;
			children = (
				99B32BC78BA54672D07BD46D /* Info.plist */,
				A2152B801E34A337DFA531E7 /* ShareExtension.entitlements */,
				A27ABC8239271CCDAABD4CC4 /* ShareNavigationController.swift */,
				2C5E39FA27E76166008CE0FF /* Assets.xcassets */,
			);
			path = ShareExtension;
			sourceTree = "<group>";
		};
		90D9667538C1D6CD10CCB89E /* Resources */ = {
			isa = PBXGroup;
			children = (
				F8DB994011BC03FDBCB8CB48 /* Assets.xcassets */,
				B0FBB3FC4A66892C9388F907 /* Info.plist */,
				313B82C59D48077CA373AC41 /* InfoPlist.strings */,
				8E6E74C896B79B098BCF232F /* Settings.bundle */,
			);
			path = Resources;
			sourceTree = "<group>";
		};
		91F9CB56E3FC3F330821A977 /* Packages */ = {
			isa = PBXGroup;
			children = (
				2C16355527E87752006C2C24 /* LikePicsKit */,
			);
			name = Packages;
			sourceTree = SOURCE_ROOT;
		};
		A4EA02D9C2DAB493DA922AAF /* LikePics */ = {
			isa = PBXGroup;
			children = (
				179E31659F21FC20FCCA1405 /* LikePics.entitlements */,
				90D9667538C1D6CD10CCB89E /* Resources */,
				EDE6B8CA23A1308019C9B96A /* Sources */,
			);
			path = LikePics;
			sourceTree = "<group>";
		};
		EDE6B8CA23A1308019C9B96A /* Sources */ = {
			isa = PBXGroup;
			children = (
				467E520B12D5F90C9C7808BB /* LaunchScreen.storyboard */,
				2C2CB21A27E9401400243281 /* AppDelegate.swift */,
			);
			path = Sources;
			sourceTree = "<group>";
		};
/* End PBXGroup section */

/* Begin PBXNativeTarget section */
		8084EEB0A690B12BDD5EF1B5 /* LikePics */ = {
			isa = PBXNativeTarget;
			buildConfigurationList = C7602933657943B8D8E54DDF /* Build configuration list for PBXNativeTarget "LikePics" */;
			buildPhases = (
				14A8BCF9E9EC39CE3B44054B /* SwiftLint */,
				9F090216CCFF843CD05BFDE2 /* Sources */,
				6EC454ECE841C07367D5F6FD /* Resources */,
				A8B069AC82C692753522BF10 /* Frameworks */,
				E1A803A7AD9C2386C6477FFC /* Embed App Extensions */,
				D444E408C3481B7E5D5BB580 /* Copy App Data */,
			);
			buildRules = (
			);
			dependencies = (
				EC1B0E7A11722DAAE7A51ED0 /* PBXTargetDependency */,
			);
			name = LikePics;
			packageProductDependencies = (
				2C16355627E877EC006C2C24 /* AppFeature */,
			);
			productName = LikePics;
			productReference = 7B507EAEA05D7AA1CB822352 /* LikePics.app */;
			productType = "com.apple.product-type.application";
		};
		921B2540D9F4435911E35DBB /* ShareExtension */ = {
			isa = PBXNativeTarget;
			buildConfigurationList = 820399E8E2FF22F1A874547A /* Build configuration list for PBXNativeTarget "ShareExtension" */;
			buildPhases = (
				6E08A68836D633F75FF3999D /* Sources */,
				7B85D2921118D7CD3F4391CB /* Resources */,
				CE2009DA0A0F5BED63F1BB5D /* Frameworks */,
			);
			buildRules = (
			);
			dependencies = (
			);
			name = ShareExtension;
			packageProductDependencies = (
				2C16355827E877F9006C2C24 /* ShareExtensionFeature */,
			);
			productName = ShareExtension;
			productReference = 3244CDEF6543830E6F56EDB0 /* ShareExtension.appex */;
			productType = "com.apple.product-type.app-extension";
		};
/* End PBXNativeTarget section */

/* Begin PBXProject section */
		A1D27652CECD923F6E7E3AAF /* Project object */ = {
			isa = PBXProject;
			attributes = {
				LastUpgradeCheck = 1200;
				ORGANIZATIONNAME = "Tasuku Tozawa";
				TargetAttributes = {
					8084EEB0A690B12BDD5EF1B5 = {
						DevelopmentTeam = RY2377PP7S;
						LastSwiftMigration = 1330;
						ProvisioningStyle = Manual;
					};
					921B2540D9F4435911E35DBB = {
						DevelopmentTeam = RY2377PP7S;
						ProvisioningStyle = Manual;
					};
				};
			};
			buildConfigurationList = 87408ED3E425BF527FB54634 /* Build configuration list for PBXProject "LikePics" */;
			compatibilityVersion = "Xcode 10.0";
			developmentRegion = en;
			hasScannedForEncodings = 0;
			knownRegions = (
				Base,
				en,
				ja,
			);
			mainGroup = 6482BC1857E1777CE6D884FA;
			projectDirPath = "";
			projectRoot = "";
			targets = (
				8084EEB0A690B12BDD5EF1B5 /* LikePics */,
				921B2540D9F4435911E35DBB /* ShareExtension */,
			);
		};
/* End PBXProject section */

/* Begin PBXResourcesBuildPhase section */
		6EC454ECE841C07367D5F6FD /* Resources */ = {
			isa = PBXResourcesBuildPhase;
			buildActionMask = 2147483647;
			files = (
				D63256AF1AF1B810615CDF21 /* Assets.xcassets in Resources */,
				CDA61B3939F06F9C0081E6D3 /* InfoPlist.strings in Resources */,
				02FD877B2E884AB2626B49D9 /* LaunchScreen.storyboard in Resources */,
				0A157FFF68CCF861B43DBB09 /* Settings.bundle in Resources */,
			);
			runOnlyForDeploymentPostprocessing = 0;
		};
		7B85D2921118D7CD3F4391CB /* Resources */ = {
			isa = PBXResourcesBuildPhase;
			buildActionMask = 2147483647;
			files = (
				2C5E39FB27E76166008CE0FF /* Assets.xcassets in Resources */,
			);
			runOnlyForDeploymentPostprocessing = 0;
		};
/* End PBXResourcesBuildPhase section */

/* Begin PBXShellScriptBuildPhase section */
		14A8BCF9E9EC39CE3B44054B /* SwiftLint */ = {
			isa = PBXShellScriptBuildPhase;
			buildActionMask = 2147483647;
			files = (
			);
			inputFileListPaths = (
			);
			inputPaths = (
			);
			name = SwiftLint;
			outputFileListPaths = (
			);
			outputPaths = (
			);
			runOnlyForDeploymentPostprocessing = 0;
			shellPath = /bin/sh;
			shellScript = "#!/bin/sh\n\nif [[ -f \"${PROJECT_DIR}/Pods//SwiftLint/swiftlint\" ]]; then\n  \"${PROJECT_DIR}/Pods/SwiftLint/swiftlint\"\nelse\n  echo \"warning: SwiftLint is not installed. Run 'bundle exec pod install --repo-update' to install it.\"\nfi\n";
		};
		D444E408C3481B7E5D5BB580 /* Copy App Data */ = {
			isa = PBXShellScriptBuildPhase;
			buildActionMask = 2147483647;
			files = (
			);
			inputFileListPaths = (
			);
			inputPaths = (
			);
			name = "Copy App Data";
			outputFileListPaths = (
			);
			outputPaths = (
			);
			runOnlyForDeploymentPostprocessing = 0;
			shellPath = /bin/sh;
			shellScript = "#!/bin/sh\n\nif [[ ${CONFIGURATION} == \"DebugDev\" ]] && [[ ! -z ${FASTLANE_SNAPSHOT} ]]; then\n    bundlePath=\"${CONFIGURATION_BUILD_DIR}/${CONTENTS_FOLDER_PATH}\"\n    cp -R \"${SRCROOT}/ScreenshotData/AppData\" $bundlePath\nfi\n";
		};
/* End PBXShellScriptBuildPhase section */

/* Begin PBXSourcesBuildPhase section */
		6E08A68836D633F75FF3999D /* Sources */ = {
			isa = PBXSourcesBuildPhase;
			buildActionMask = 2147483647;
			files = (
				CBC0890201886D3367DEA9FA /* ShareNavigationController.swift in Sources */,
			);
			runOnlyForDeploymentPostprocessing = 0;
		};
		9F090216CCFF843CD05BFDE2 /* Sources */ = {
			isa = PBXSourcesBuildPhase;
			buildActionMask = 2147483647;
			files = (
				2C2CB21B27E9401400243281 /* AppDelegate.swift in Sources */,
			);
			runOnlyForDeploymentPostprocessing = 0;
		};
/* End PBXSourcesBuildPhase section */

/* Begin PBXTargetDependency section */
		EC1B0E7A11722DAAE7A51ED0 /* PBXTargetDependency */ = {
			isa = PBXTargetDependency;
			target = 921B2540D9F4435911E35DBB /* ShareExtension */;
			targetProxy = 3E03E120431047D0B109ABAC /* PBXContainerItemProxy */;
		};
/* End PBXTargetDependency section */

/* Begin PBXVariantGroup section */
		313B82C59D48077CA373AC41 /* InfoPlist.strings */ = {
			isa = PBXVariantGroup;
			children = (
				4B2AB01D75A41E3263AE08BB /* en */,
				3684FED84FD8B94672573DF7 /* ja */,
			);
			name = InfoPlist.strings;
			sourceTree = "<group>";
		};
		467E520B12D5F90C9C7808BB /* LaunchScreen.storyboard */ = {
			isa = PBXVariantGroup;
			children = (
				9C02AE22E639A37C8ECEA4F3 /* Base */,
			);
			name = LaunchScreen.storyboard;
			sourceTree = "<group>";
		};
/* End PBXVariantGroup section */

/* Begin XCBuildConfiguration section */
		0AD5FF743D91C1B8935B2777 /* Debug */ = {
			isa = XCBuildConfiguration;
			buildSettings = {
				ALWAYS_EMBED_SWIFT_STANDARD_LIBRARIES = "$(inherited)";
				ASSETCATALOG_COMPILER_APPICON_NAME = AppIcon;
				CLANG_ENABLE_MODULES = YES;
				CODE_SIGN_ENTITLEMENTS = LikePics/LikePics.entitlements;
				CODE_SIGN_IDENTITY = "Apple Development";
				DEVELOPMENT_TEAM = RY2377PP7S;
				INFOPLIST_FILE = LikePics/Resources/Info.plist;
				LD_RUNPATH_SEARCH_PATHS = (
					"$(inherited)",
					"@executable_path/Frameworks",
				);
				PRODUCT_BUNDLE_IDENTIFIER = net.tasuwo.TBox;
				PRODUCT_NAME = LikePics;
				PROVISIONING_PROFILE_SPECIFIER = "match Development net.tasuwo.TBox";
				SDKROOT = iphoneos;
				SWIFT_OPTIMIZATION_LEVEL = "-Onone";
				SWIFT_VERSION = 5.0;
				TARGETED_DEVICE_FAMILY = "1,2";
			};
			name = Debug;
		};
		13E0BFCD6FF1569E48107458 /* Release */ = {
			isa = XCBuildConfiguration;
			buildSettings = {
				ALWAYS_EMBED_SWIFT_STANDARD_LIBRARIES = "$(inherited)";
				ASSETCATALOG_COMPILER_APPICON_NAME = AppIcon;
				CLANG_ENABLE_MODULES = YES;
				CODE_SIGN_ENTITLEMENTS = LikePics/LikePics.entitlements;
				CODE_SIGN_IDENTITY = "Apple Distribution";
				DEVELOPMENT_TEAM = RY2377PP7S;
				INFOPLIST_FILE = LikePics/Resources/Info.plist;
				LD_RUNPATH_SEARCH_PATHS = (
					"$(inherited)",
					"@executable_path/Frameworks",
				);
				PRODUCT_BUNDLE_IDENTIFIER = net.tasuwo.TBox;
				PRODUCT_NAME = LikePics;
				PROVISIONING_PROFILE_SPECIFIER = "match AppStore net.tasuwo.TBox";
				SDKROOT = iphoneos;
				SWIFT_OPTIMIZATION_LEVEL = "-Onone";
				SWIFT_VERSION = 5.0;
				TARGETED_DEVICE_FAMILY = "1,2";
			};
			name = Release;
		};
		379382867C34EA70713501DD /* Debug */ = {
			isa = XCBuildConfiguration;
			buildSettings = {
				ALWAYS_SEARCH_USER_PATHS = NO;
				APP_GROUP = group.net.tasuwo.TBox;
				APP_NAME = LikePics;
				APP_VERSION = 2.15;
				BUILD_NUMBER = 1;
				CLANG_ANALYZER_LOCALIZABILITY_NONLOCALIZED = YES;
				CLANG_ANALYZER_NONNULL = YES;
				CLANG_ANALYZER_NUMBER_OBJECT_CONVERSION = YES_AGGRESSIVE;
				CLANG_CXX_LANGUAGE_STANDARD = "gnu++14";
				CLANG_CXX_LIBRARY = "libc++";
				CLANG_ENABLE_MODULES = YES;
				CLANG_ENABLE_OBJC_ARC = YES;
				CLANG_ENABLE_OBJC_WEAK = YES;
				CLANG_WARN_BLOCK_CAPTURE_AUTORELEASING = YES;
				CLANG_WARN_BOOL_CONVERSION = YES;
				CLANG_WARN_COMMA = YES;
				CLANG_WARN_CONSTANT_CONVERSION = YES;
				CLANG_WARN_DEPRECATED_OBJC_IMPLEMENTATIONS = YES;
				CLANG_WARN_DIRECT_OBJC_ISA_USAGE = YES_ERROR;
				CLANG_WARN_DOCUMENTATION_COMMENTS = YES;
				CLANG_WARN_EMPTY_BODY = YES;
				CLANG_WARN_ENUM_CONVERSION = YES;
				CLANG_WARN_INFINITE_RECURSION = YES;
				CLANG_WARN_INT_CONVERSION = YES;
				CLANG_WARN_NON_LITERAL_NULL_CONVERSION = YES;
				CLANG_WARN_OBJC_IMPLICIT_RETAIN_SELF = YES;
				CLANG_WARN_OBJC_LITERAL_CONVERSION = YES;
				CLANG_WARN_OBJC_ROOT_CLASS = YES_ERROR;
				CLANG_WARN_QUOTED_INCLUDE_IN_FRAMEWORK_HEADER = YES;
				CLANG_WARN_RANGE_LOOP_ANALYSIS = YES;
				CLANG_WARN_STRICT_PROTOTYPES = YES;
				CLANG_WARN_SUSPICIOUS_MOVE = YES;
				CLANG_WARN_UNGUARDED_AVAILABILITY = YES_AGGRESSIVE;
				CLANG_WARN_UNREACHABLE_CODE = YES;
				CLANG_WARN__DUPLICATE_METHOD_MATCH = YES;
				CODE_SIGN_STYLE = Manual;
				COPY_PHASE_STRIP = NO;
				DEBUG_INFORMATION_FORMAT = dwarf;
				ENABLE_STRICT_OBJC_MSGSEND = YES;
				ENABLE_TESTABILITY = YES;
				GCC_C_LANGUAGE_STANDARD = gnu11;
				GCC_DYNAMIC_NO_PIC = NO;
				GCC_NO_COMMON_BLOCKS = YES;
				GCC_OPTIMIZATION_LEVEL = 0;
				GCC_PREPROCESSOR_DEFINITIONS = (
					"DEBUG=1",
					"$(inherited)",
				);
				GCC_WARN_64_TO_32_BIT_CONVERSION = YES;
				GCC_WARN_ABOUT_RETURN_TYPE = YES_ERROR;
				GCC_WARN_UNDECLARED_SELECTOR = YES;
				GCC_WARN_UNINITIALIZED_AUTOS = YES_AGGRESSIVE;
				GCC_WARN_UNUSED_FUNCTION = YES;
				GCC_WARN_UNUSED_VARIABLE = YES;
				IPHONEOS_DEPLOYMENT_TARGET = 14.0;
				I_CLOUD_CONTAINER = iCloud.net.tasuwo.TBox;
				MTL_ENABLE_DEBUG_INFO = INCLUDE_SOURCE;
				MTL_FAST_MATH = YES;
				ONLY_ACTIVE_ARCH = YES;
				OTHER_SWIFT_FLAGS = "-D DEBUG";
				PRODUCT_BUNDLE_IDENTIFIER = net.tasuwo.TBox;
				PRODUCT_NAME = "$(TARGET_NAME)";
				SDKROOT = iphoneos;
				SWIFT_ACTIVE_COMPILATION_CONDITIONS = DEBUG;
				SWIFT_COMPILATION_MODE = singlefile;
				SWIFT_OPTIMIZATION_LEVEL = "-Onone";
				SWIFT_VERSION = 5.0;
				TARGETED_DEVICE_FAMILY = "1,2";
			};
			name = Debug;
		};
		472BAA6081CFB43CF88B3BA9 /* DebugDev */ = {
			isa = XCBuildConfiguration;
			buildSettings = {
				ALWAYS_EMBED_SWIFT_STANDARD_LIBRARIES = "$(inherited)";
				ASSETCATALOG_COMPILER_APPICON_NAME = AppIconDev;
				CLANG_ENABLE_MODULES = YES;
				CODE_SIGN_ENTITLEMENTS = LikePics/LikePics.entitlements;
				CODE_SIGN_IDENTITY = "iPhone Developer";
				DEVELOPMENT_TEAM = RY2377PP7S;
				INFOPLIST_FILE = LikePics/Resources/Info.plist;
				LD_RUNPATH_SEARCH_PATHS = (
					"$(inherited)",
					"@executable_path/Frameworks",
				);
				PRODUCT_BUNDLE_IDENTIFIER = net.tasuwo.TBox.dev;
				PRODUCT_NAME = LikePics;
				PROVISIONING_PROFILE_SPECIFIER = "match Development net.tasuwo.TBox.dev";
				SDKROOT = iphoneos;
				SWIFT_OPTIMIZATION_LEVEL = "-Onone";
				SWIFT_VERSION = 5.0;
				TARGETED_DEVICE_FAMILY = "1,2";
			};
			name = DebugDev;
		};
		613A93D3BA1C14E1C77A33C7 /* ReleaseDev */ = {
			isa = XCBuildConfiguration;
			buildSettings = {
				ALWAYS_EMBED_SWIFT_STANDARD_LIBRARIES = "$(inherited)";
				ASSETCATALOG_COMPILER_APPICON_NAME = AppIconDev;
				CLANG_ENABLE_MODULES = YES;
				CODE_SIGN_ENTITLEMENTS = LikePics/LikePics.entitlements;
				CODE_SIGN_IDENTITY = "iPhone Distribution";
				DEVELOPMENT_TEAM = RY2377PP7S;
				INFOPLIST_FILE = LikePics/Resources/Info.plist;
				LD_RUNPATH_SEARCH_PATHS = (
					"$(inherited)",
					"@executable_path/Frameworks",
				);
				PRODUCT_BUNDLE_IDENTIFIER = net.tasuwo.TBox.dev;
				PRODUCT_NAME = LikePics;
				PROVISIONING_PROFILE_SPECIFIER = "match AppStore net.tasuwo.TBox.dev";
				SDKROOT = iphoneos;
				SWIFT_OPTIMIZATION_LEVEL = "-Onone";
				SWIFT_VERSION = 5.0;
				TARGETED_DEVICE_FAMILY = "1,2";
			};
			name = ReleaseDev;
		};
		BDB28CBDB2152373033F02C0 /* DebugDev */ = {
			isa = XCBuildConfiguration;
			buildSettings = {
				ALWAYS_SEARCH_USER_PATHS = NO;
				APP_GROUP = group.net.tasuwo.TBox.dev;
				APP_NAME = LikePicsDev;
				APP_VERSION = 2.15;
				BUILD_NUMBER = 1;
				CLANG_ANALYZER_LOCALIZABILITY_NONLOCALIZED = YES;
				CLANG_ANALYZER_NONNULL = YES;
				CLANG_ANALYZER_NUMBER_OBJECT_CONVERSION = YES_AGGRESSIVE;
				CLANG_CXX_LANGUAGE_STANDARD = "gnu++14";
				CLANG_CXX_LIBRARY = "libc++";
				CLANG_ENABLE_MODULES = YES;
				CLANG_ENABLE_OBJC_ARC = YES;
				CLANG_ENABLE_OBJC_WEAK = YES;
				CLANG_WARN_BLOCK_CAPTURE_AUTORELEASING = YES;
				CLANG_WARN_BOOL_CONVERSION = YES;
				CLANG_WARN_COMMA = YES;
				CLANG_WARN_CONSTANT_CONVERSION = YES;
				CLANG_WARN_DEPRECATED_OBJC_IMPLEMENTATIONS = YES;
				CLANG_WARN_DIRECT_OBJC_ISA_USAGE = YES_ERROR;
				CLANG_WARN_DOCUMENTATION_COMMENTS = YES;
				CLANG_WARN_EMPTY_BODY = YES;
				CLANG_WARN_ENUM_CONVERSION = YES;
				CLANG_WARN_INFINITE_RECURSION = YES;
				CLANG_WARN_INT_CONVERSION = YES;
				CLANG_WARN_NON_LITERAL_NULL_CONVERSION = YES;
				CLANG_WARN_OBJC_IMPLICIT_RETAIN_SELF = YES;
				CLANG_WARN_OBJC_LITERAL_CONVERSION = YES;
				CLANG_WARN_OBJC_ROOT_CLASS = YES_ERROR;
				CLANG_WARN_QUOTED_INCLUDE_IN_FRAMEWORK_HEADER = YES;
				CLANG_WARN_RANGE_LOOP_ANALYSIS = YES;
				CLANG_WARN_STRICT_PROTOTYPES = YES;
				CLANG_WARN_SUSPICIOUS_MOVE = YES;
				CLANG_WARN_UNGUARDED_AVAILABILITY = YES_AGGRESSIVE;
				CLANG_WARN_UNREACHABLE_CODE = YES;
				CLANG_WARN__DUPLICATE_METHOD_MATCH = YES;
				CODE_SIGN_STYLE = Manual;
				COPY_PHASE_STRIP = NO;
				DEBUG_INFORMATION_FORMAT = dwarf;
				ENABLE_STRICT_OBJC_MSGSEND = YES;
				ENABLE_TESTABILITY = YES;
				GCC_C_LANGUAGE_STANDARD = gnu11;
				GCC_DYNAMIC_NO_PIC = NO;
				GCC_NO_COMMON_BLOCKS = YES;
				GCC_OPTIMIZATION_LEVEL = 0;
				GCC_PREPROCESSOR_DEFINITIONS = (
					"DEBUG=1",
					"$(inherited)",
				);
				GCC_WARN_64_TO_32_BIT_CONVERSION = YES;
				GCC_WARN_ABOUT_RETURN_TYPE = YES_ERROR;
				GCC_WARN_UNDECLARED_SELECTOR = YES;
				GCC_WARN_UNINITIALIZED_AUTOS = YES_AGGRESSIVE;
				GCC_WARN_UNUSED_FUNCTION = YES;
				GCC_WARN_UNUSED_VARIABLE = YES;
				IPHONEOS_DEPLOYMENT_TARGET = 14.0;
				I_CLOUD_CONTAINER = iCloud.net.tasuwo.TBox.dev;
				MTL_ENABLE_DEBUG_INFO = INCLUDE_SOURCE;
				MTL_FAST_MATH = YES;
				ONLY_ACTIVE_ARCH = YES;
				OTHER_SWIFT_FLAGS = "-D DEBUG";
				PRODUCT_BUNDLE_IDENTIFIER = net.tasuwo.TBox.dev;
				PRODUCT_NAME = "$(TARGET_NAME)";
				SDKROOT = iphoneos;
				SWIFT_ACTIVE_COMPILATION_CONDITIONS = DEBUG;
				SWIFT_COMPILATION_MODE = singlefile;
				SWIFT_OPTIMIZATION_LEVEL = "-Onone";
				SWIFT_VERSION = 5.0;
				TARGETED_DEVICE_FAMILY = "1,2";
			};
			name = DebugDev;
		};
		BE5BF377D992E0CDD3D59B3E /* ReleaseDev */ = {
			isa = XCBuildConfiguration;
			buildSettings = {
				ALWAYS_SEARCH_USER_PATHS = NO;
				APP_GROUP = group.net.tasuwo.TBox.dev;
				APP_NAME = LikePicsDev;
				APP_VERSION = 2.15;
				BUILD_NUMBER = 1;
				CLANG_ANALYZER_LOCALIZABILITY_NONLOCALIZED = YES;
				CLANG_ANALYZER_NONNULL = YES;
				CLANG_ANALYZER_NUMBER_OBJECT_CONVERSION = YES_AGGRESSIVE;
				CLANG_CXX_LANGUAGE_STANDARD = "gnu++14";
				CLANG_CXX_LIBRARY = "libc++";
				CLANG_ENABLE_MODULES = YES;
				CLANG_ENABLE_OBJC_ARC = YES;
				CLANG_ENABLE_OBJC_WEAK = YES;
				CLANG_WARN_BLOCK_CAPTURE_AUTORELEASING = YES;
				CLANG_WARN_BOOL_CONVERSION = YES;
				CLANG_WARN_COMMA = YES;
				CLANG_WARN_CONSTANT_CONVERSION = YES;
				CLANG_WARN_DEPRECATED_OBJC_IMPLEMENTATIONS = YES;
				CLANG_WARN_DIRECT_OBJC_ISA_USAGE = YES_ERROR;
				CLANG_WARN_DOCUMENTATION_COMMENTS = YES;
				CLANG_WARN_EMPTY_BODY = YES;
				CLANG_WARN_ENUM_CONVERSION = YES;
				CLANG_WARN_INFINITE_RECURSION = YES;
				CLANG_WARN_INT_CONVERSION = YES;
				CLANG_WARN_NON_LITERAL_NULL_CONVERSION = YES;
				CLANG_WARN_OBJC_IMPLICIT_RETAIN_SELF = YES;
				CLANG_WARN_OBJC_LITERAL_CONVERSION = YES;
				CLANG_WARN_OBJC_ROOT_CLASS = YES_ERROR;
				CLANG_WARN_QUOTED_INCLUDE_IN_FRAMEWORK_HEADER = YES;
				CLANG_WARN_RANGE_LOOP_ANALYSIS = YES;
				CLANG_WARN_STRICT_PROTOTYPES = YES;
				CLANG_WARN_SUSPICIOUS_MOVE = YES;
				CLANG_WARN_UNGUARDED_AVAILABILITY = YES_AGGRESSIVE;
				CLANG_WARN_UNREACHABLE_CODE = YES;
				CLANG_WARN__DUPLICATE_METHOD_MATCH = YES;
				CODE_SIGN_STYLE = Manual;
				COPY_PHASE_STRIP = NO;
				DEBUG_INFORMATION_FORMAT = "dwarf-with-dsym";
				ENABLE_NS_ASSERTIONS = NO;
				ENABLE_STRICT_OBJC_MSGSEND = YES;
				ENABLE_TESTABILITY = NO;
				GCC_C_LANGUAGE_STANDARD = gnu11;
				GCC_DYNAMIC_NO_PIC = NO;
				GCC_NO_COMMON_BLOCKS = YES;
				GCC_OPTIMIZATION_LEVEL = 0;
				GCC_WARN_64_TO_32_BIT_CONVERSION = YES;
				GCC_WARN_ABOUT_RETURN_TYPE = YES_ERROR;
				GCC_WARN_UNDECLARED_SELECTOR = YES;
				GCC_WARN_UNINITIALIZED_AUTOS = YES_AGGRESSIVE;
				GCC_WARN_UNUSED_FUNCTION = YES;
				GCC_WARN_UNUSED_VARIABLE = YES;
				IPHONEOS_DEPLOYMENT_TARGET = 14.0;
				I_CLOUD_CONTAINER = iCloud.net.tasuwo.TBox.dev;
				MTL_ENABLE_DEBUG_INFO = NO;
				MTL_FAST_MATH = YES;
				ONLY_ACTIVE_ARCH = NO;
				PRODUCT_BUNDLE_IDENTIFIER = net.tasuwo.TBox.dev;
				PRODUCT_NAME = "$(TARGET_NAME)";
				SDKROOT = iphoneos;
				SWIFT_COMPILATION_MODE = wholemodule;
				SWIFT_OPTIMIZATION_LEVEL = "-O";
				SWIFT_VERSION = 5.0;
				TARGETED_DEVICE_FAMILY = "1,2";
				VALIDATE_PRODUCT = YES;
			};
			name = ReleaseDev;
		};
		C80699BCFB2825C9A26AFC2D /* Debug */ = {
			isa = XCBuildConfiguration;
			buildSettings = {
				CODE_SIGN_ENTITLEMENTS = ShareExtension/ShareExtension.entitlements;
				DEVELOPMENT_TEAM = RY2377PP7S;
				INFOPLIST_FILE = ShareExtension/Info.plist;
				LD_RUNPATH_SEARCH_PATHS = (
					"$(inherited)",
					"@executable_path/Frameworks",
					"@executable_path/../../Frameworks",
				);
				PRODUCT_BUNDLE_IDENTIFIER = net.tasuwo.TBox.ShareExtension;
				PROVISIONING_PROFILE_SPECIFIER = "match Development net.tasuwo.TBox.ShareExtension";
				SDKROOT = iphoneos;
				SKIP_INSTALL = YES;
				TARGETED_DEVICE_FAMILY = "1,2";
			};
			name = Debug;
		};
		CED0B33E6B329493A2F3EB44 /* Release */ = {
			isa = XCBuildConfiguration;
			buildSettings = {
				ALWAYS_SEARCH_USER_PATHS = NO;
				APP_GROUP = group.net.tasuwo.TBox;
				APP_NAME = LikePics;
				APP_VERSION = 2.15;
				BUILD_NUMBER = 1;
				CLANG_ANALYZER_LOCALIZABILITY_NONLOCALIZED = YES;
				CLANG_ANALYZER_NONNULL = YES;
				CLANG_ANALYZER_NUMBER_OBJECT_CONVERSION = YES_AGGRESSIVE;
				CLANG_CXX_LANGUAGE_STANDARD = "gnu++14";
				CLANG_CXX_LIBRARY = "libc++";
				CLANG_ENABLE_MODULES = YES;
				CLANG_ENABLE_OBJC_ARC = YES;
				CLANG_ENABLE_OBJC_WEAK = YES;
				CLANG_WARN_BLOCK_CAPTURE_AUTORELEASING = YES;
				CLANG_WARN_BOOL_CONVERSION = YES;
				CLANG_WARN_COMMA = YES;
				CLANG_WARN_CONSTANT_CONVERSION = YES;
				CLANG_WARN_DEPRECATED_OBJC_IMPLEMENTATIONS = YES;
				CLANG_WARN_DIRECT_OBJC_ISA_USAGE = YES_ERROR;
				CLANG_WARN_DOCUMENTATION_COMMENTS = YES;
				CLANG_WARN_EMPTY_BODY = YES;
				CLANG_WARN_ENUM_CONVERSION = YES;
				CLANG_WARN_INFINITE_RECURSION = YES;
				CLANG_WARN_INT_CONVERSION = YES;
				CLANG_WARN_NON_LITERAL_NULL_CONVERSION = YES;
				CLANG_WARN_OBJC_IMPLICIT_RETAIN_SELF = YES;
				CLANG_WARN_OBJC_LITERAL_CONVERSION = YES;
				CLANG_WARN_OBJC_ROOT_CLASS = YES_ERROR;
				CLANG_WARN_QUOTED_INCLUDE_IN_FRAMEWORK_HEADER = YES;
				CLANG_WARN_RANGE_LOOP_ANALYSIS = YES;
				CLANG_WARN_STRICT_PROTOTYPES = YES;
				CLANG_WARN_SUSPICIOUS_MOVE = YES;
				CLANG_WARN_UNGUARDED_AVAILABILITY = YES_AGGRESSIVE;
				CLANG_WARN_UNREACHABLE_CODE = YES;
				CLANG_WARN__DUPLICATE_METHOD_MATCH = YES;
				CODE_SIGN_STYLE = Manual;
				COPY_PHASE_STRIP = NO;
				DEBUG_INFORMATION_FORMAT = "dwarf-with-dsym";
				ENABLE_NS_ASSERTIONS = NO;
				ENABLE_STRICT_OBJC_MSGSEND = YES;
				ENABLE_TESTABILITY = NO;
				GCC_C_LANGUAGE_STANDARD = gnu11;
				GCC_DYNAMIC_NO_PIC = NO;
				GCC_NO_COMMON_BLOCKS = YES;
				GCC_OPTIMIZATION_LEVEL = 0;
				GCC_WARN_64_TO_32_BIT_CONVERSION = YES;
				GCC_WARN_ABOUT_RETURN_TYPE = YES_ERROR;
				GCC_WARN_UNDECLARED_SELECTOR = YES;
				GCC_WARN_UNINITIALIZED_AUTOS = YES_AGGRESSIVE;
				GCC_WARN_UNUSED_FUNCTION = YES;
				GCC_WARN_UNUSED_VARIABLE = YES;
				IPHONEOS_DEPLOYMENT_TARGET = 14.0;
				I_CLOUD_CONTAINER = iCloud.net.tasuwo.TBox;
				MTL_ENABLE_DEBUG_INFO = NO;
				MTL_FAST_MATH = YES;
				ONLY_ACTIVE_ARCH = NO;
				PRODUCT_BUNDLE_IDENTIFIER = net.tasuwo.TBox;
				PRODUCT_NAME = "$(TARGET_NAME)";
				SDKROOT = iphoneos;
				SWIFT_COMPILATION_MODE = wholemodule;
				SWIFT_OPTIMIZATION_LEVEL = "-O";
				SWIFT_VERSION = 5.0;
				TARGETED_DEVICE_FAMILY = "1,2";
			};
			name = Release;
		};
		DEAEBA83907B1C40E5F4514B /* ReleaseDev */ = {
			isa = XCBuildConfiguration;
			buildSettings = {
				CODE_SIGN_ENTITLEMENTS = ShareExtension/ShareExtension.entitlements;
				CODE_SIGN_IDENTITY = "iPhone Distribution";
				DEVELOPMENT_TEAM = RY2377PP7S;
				INFOPLIST_FILE = ShareExtension/Info.plist;
				LD_RUNPATH_SEARCH_PATHS = (
					"$(inherited)",
					"@executable_path/Frameworks",
					"@executable_path/../../Frameworks",
				);
				PRODUCT_BUNDLE_IDENTIFIER = net.tasuwo.TBox.dev.ShareExtension;
				PROVISIONING_PROFILE_SPECIFIER = "match AppStore net.tasuwo.TBox.dev.ShareExtension";
				SDKROOT = iphoneos;
				SKIP_INSTALL = YES;
				TARGETED_DEVICE_FAMILY = "1,2";
			};
			name = ReleaseDev;
		};
		E5FFF59ADDE0143011D9D5FB /* Release */ = {
			isa = XCBuildConfiguration;
			buildSettings = {
				CODE_SIGN_ENTITLEMENTS = ShareExtension/ShareExtension.entitlements;
				CODE_SIGN_IDENTITY = "iPhone Distribution";
				DEVELOPMENT_TEAM = RY2377PP7S;
				INFOPLIST_FILE = ShareExtension/Info.plist;
				LD_RUNPATH_SEARCH_PATHS = (
					"$(inherited)",
					"@executable_path/Frameworks",
					"@executable_path/../../Frameworks",
				);
				PRODUCT_BUNDLE_IDENTIFIER = net.tasuwo.TBox.ShareExtension;
				PROVISIONING_PROFILE_SPECIFIER = "match AppStore net.tasuwo.TBox.ShareExtension";
				SDKROOT = iphoneos;
				SKIP_INSTALL = YES;
				TARGETED_DEVICE_FAMILY = "1,2";
			};
			name = Release;
		};
		FE3A060DEB93478E4CDA6ACE /* DebugDev */ = {
			isa = XCBuildConfiguration;
			buildSettings = {
				CODE_SIGN_ENTITLEMENTS = ShareExtension/ShareExtension.entitlements;
				DEVELOPMENT_TEAM = RY2377PP7S;
				INFOPLIST_FILE = ShareExtension/Info.plist;
				LD_RUNPATH_SEARCH_PATHS = (
					"$(inherited)",
					"@executable_path/Frameworks",
					"@executable_path/../../Frameworks",
				);
				PRODUCT_BUNDLE_IDENTIFIER = net.tasuwo.TBox.dev.ShareExtension;
				PROVISIONING_PROFILE_SPECIFIER = "match Development net.tasuwo.TBox.dev.ShareExtension";
				SDKROOT = iphoneos;
				SKIP_INSTALL = YES;
				TARGETED_DEVICE_FAMILY = "1,2";
			};
			name = DebugDev;
		};
/* End XCBuildConfiguration section */

/* Begin XCConfigurationList section */
		820399E8E2FF22F1A874547A /* Build configuration list for PBXNativeTarget "ShareExtension" */ = {
			isa = XCConfigurationList;
			buildConfigurations = (
				C80699BCFB2825C9A26AFC2D /* Debug */,
				FE3A060DEB93478E4CDA6ACE /* DebugDev */,
				E5FFF59ADDE0143011D9D5FB /* Release */,
				DEAEBA83907B1C40E5F4514B /* ReleaseDev */,
			);
			defaultConfigurationIsVisible = 0;
			defaultConfigurationName = Release;
		};
		87408ED3E425BF527FB54634 /* Build configuration list for PBXProject "LikePics" */ = {
			isa = XCConfigurationList;
			buildConfigurations = (
				379382867C34EA70713501DD /* Debug */,
				BDB28CBDB2152373033F02C0 /* DebugDev */,
				CED0B33E6B329493A2F3EB44 /* Release */,
				BE5BF377D992E0CDD3D59B3E /* ReleaseDev */,
			);
			defaultConfigurationIsVisible = 0;
			defaultConfigurationName = Release;
		};
		C7602933657943B8D8E54DDF /* Build configuration list for PBXNativeTarget "LikePics" */ = {
			isa = XCConfigurationList;
			buildConfigurations = (
				0AD5FF743D91C1B8935B2777 /* Debug */,
				472BAA6081CFB43CF88B3BA9 /* DebugDev */,
				13E0BFCD6FF1569E48107458 /* Release */,
				613A93D3BA1C14E1C77A33C7 /* ReleaseDev */,
			);
			defaultConfigurationIsVisible = 0;
			defaultConfigurationName = Release;
		};
/* End XCConfigurationList section */

/* Begin XCSwiftPackageProductDependency section */
		2C16355627E877EC006C2C24 /* AppFeature */ = {
			isa = XCSwiftPackageProductDependency;
			productName = AppFeature;
		};
		2C16355827E877F9006C2C24 /* ShareExtensionFeature */ = {
			isa = XCSwiftPackageProductDependency;
			productName = ShareExtensionFeature;
		};
/* End XCSwiftPackageProductDependency section */
	};
	rootObject = A1D27652CECD923F6E7E3AAF /* Project object */;
}
