PODS:
  - Erik (5.0.0):
    - Erik/Core (= 5.0.0)
    - Kanna
  - Erik/Core (5.0.0):
    - Kanna
  - Kanna (5.2.3)
  - LicensePlist (3.0.4)
  - Nimble (9.0.0)
  - Quick (3.0.0)
  - Realm (10.5.1):
    - Realm/Headers (= 10.5.1)
  - Realm/Headers (10.5.1)
  - RealmSwift (10.5.1):
    - Realm (= 10.5.1)
  - Sourcery (1.0.3)
  - SwiftGen (6.4.0)

DEPENDENCIES:
  - Erik (~> 5.0.0)
  - LicensePlist (~> 3.0.4)
  - Nimble (~> 9.0.0)
  - Quick (~> 3.0.0)
  - RealmSwift (~> 10.5.1)
  - Sourcery (~> 1.0.3)
  - SwiftGen (~> 6.4.0)

SPEC REPOS:
  trunk:
    - Erik
    - Kanna
    - LicensePlist
    - Nimble
    - Quick
    - Realm
    - RealmSwift
    - Sourcery
    - SwiftGen

SPEC CHECKSUMS:
  Erik: 660e6bc7fe68a0c17e0f50142ae2d8168426c22e
  Kanna: 113d111e95d7e903efe0c3eb7221f7635716084c
  LicensePlist: 89acb246ba9345fdc2d3a91f04353c214f3d0bd4
  Nimble: 3b4ec3fd40f1dc178058e0981107721c615643d8
  Quick: 6d9559f40647bc4d510103842ef2fdd882d753e2
  Realm: 77fcb4e0b9f2963ea06f584749a0d7dc9cab95e1
  RealmSwift: 6abe6aa6cd8b70cc1a87afcb9232cabea74ff1ac
  Sourcery: 70a6048014bd4f37ea80e6bd4354d47bf3b760e1
  SwiftGen: 67860cc7c3cfc2ed25b9b74cfd55495fc89f9108

PODFILE CHECKSUM: ad87a67cfeddeea3597eaa35a9456cde637e2d4d

COCOAPODS: 1.10.1
