PODS:
  - Erik (5.0.0):
    - Erik/Core (= 5.0.0)
    - Kanna
  - Erik/Core (5.0.0):
    - Kanna
  - Kanna (5.2.3)
  - Kingfisher (5.15.6):
    - Kingfisher/Core (= 5.15.6)
  - Kingfisher/Core (5.15.6)
  - Nimble (8.0.9)
  - Quick (2.2.1)
  - Realm (10.0.0):
    - Realm/Headers (= 10.0.0)
  - Realm/Headers (10.0.0)
  - RealmSwift (10.0.0):
    - Realm (= 10.0.0)
  - Sourcery (1.0.0)
  - SwiftGen (6.4.0)

DEPENDENCIES:
  - Erik (~> 5.0.0)
  - Kingfisher (~> 5.15.3)
  - Nimble (~> 8.0.5)
  - Quick (~> 2.2.0)
  - RealmSwift (~> 10.0.0)
  - Sourcery (~> 1.0)
  - SwiftGen (~> 6.0)

SPEC REPOS:
  trunk:
    - Erik
    - Kanna
    - Kingfisher
    - Nimble
    - Quick
    - Realm
    - RealmSwift
    - Sourcery
    - SwiftGen

SPEC CHECKSUMS:
  Erik: 660e6bc7fe68a0c17e0f50142ae2d8168426c22e
  Kanna: 113d111e95d7e903efe0c3eb7221f7635716084c
  Kingfisher: b3554e7bf6106115b44e8795300bad580ef2fdc7
  Nimble: 98b888285a615fd34f20e61753cf58ea1402bde4
  Quick: f5754d69b7013f5864c29aab9ae6f0c79c5bc200
  Realm: 5654b8e5e45034d07b219e089034be2ef7d1e7bf
  RealmSwift: 5b4c8c85be4c14ff52054a4d80a8d338167dd79c
  Sourcery: 928a146ea9b777fa64b0c6ce915c4128b4488cff
  SwiftGen: 67860cc7c3cfc2ed25b9b74cfd55495fc89f9108

PODFILE CHECKSUM: d27fa96be8ef03e0e7bd4b7d249cbb29cc655fdd

COCOAPODS: 1.10.0.rc.1
