// !$*UTF8*$!
{
	archiveVersion = 1;
	classes = {
	};
	objectVersion = 55;
	objects = {

/* Begin PBXBuildFile section */
		2C16358B27E881BD006C2C24 /* AppDelegate.swift in Sources */ = {isa = PBXBuildFile; fileRef = 2C16358A27E881BD006C2C24 /* AppDelegate.swift */; };
		2C16358D27E881BD006C2C24 /* SceneDelegate.swift in Sources */ = {isa = PBXBuildFile; fileRef = 2C16358C27E881BD006C2C24 /* SceneDelegate.swift */; };
		2C1635A227E88330006C2C24 /* AppFeature in Frameworks */ = {isa = PBXBuildFile; productRef = 2C1635A127E88330006C2C24 /* AppFeature */; };
		2C1635A427E883A2006C2C24 /* DummyContainer.swift in Sources */ = {isa = PBXBuildFile; fileRef = 2C1635A327E883A2006C2C24 /* DummyContainer.swift */; };
		2C1635A627E88842006C2C24 /* TestHelper in Frameworks */ = {isa = PBXBuildFile; productRef = 2C1635A527E88842006C2C24 /* TestHelper */; };
		2C1635AA27E89AFB006C2C24 /* Assets.xcassets in Resources */ = {isa = PBXBuildFile; fileRef = 2C1635A927E89AFB006C2C24 /* Assets.xcassets */; };
		2C1635AC27E89BB1006C2C24 /* LaunchScreen.storyboard in Resources */ = {isa = PBXBuildFile; fileRef = 2C1635AB27E89BB1006C2C24 /* LaunchScreen.storyboard */; };
		2C1635AE27E8C53D006C2C24 /* SampleDataProvider.swift in Sources */ = {isa = PBXBuildFile; fileRef = 2C1635AD27E8C53D006C2C24 /* SampleDataProvider.swift */; };
		2C1635B127E8C7AD006C2C24 /* Localizable.strings in Resources */ = {isa = PBXBuildFile; fileRef = 2C1635B327E8C7AD006C2C24 /* Localizable.strings */; };
		2C1635BC27E8CAB9006C2C24 /* SnapshotUITests.swift in Sources */ = {isa = PBXBuildFile; fileRef = 2C1635BB27E8CAB9006C2C24 /* SnapshotUITests.swift */; };
		2C1635C527E8CAE1006C2C24 /* SnapshotHelper.swift in Sources */ = {isa = PBXBuildFile; fileRef = 2C1635C427E8CAE1006C2C24 /* SnapshotHelper.swift */; };
/* End PBXBuildFile section */

/* Begin PBXContainerItemProxy section */
		2C1635BF27E8CAB9006C2C24 /* PBXContainerItemProxy */ = {
			isa = PBXContainerItemProxy;
			containerPortal = 2C16357F27E881BD006C2C24 /* Project object */;
			proxyType = 1;
			remoteGlobalIDString = 2C16358627E881BD006C2C24;
			remoteInfo = Snapshot;
		};
/* End PBXContainerItemProxy section */

/* Begin PBXFileReference section */
		2C16358727E881BD006C2C24 /* Snapshot.app */ = {isa = PBXFileReference; explicitFileType = wrapper.application; includeInIndex = 0; path = Snapshot.app; sourceTree = BUILT_PRODUCTS_DIR; };
		2C16358A27E881BD006C2C24 /* AppDelegate.swift */ = {isa = PBXFileReference; lastKnownFileType = sourcecode.swift; path = AppDelegate.swift; sourceTree = "<group>"; };
		2C16358C27E881BD006C2C24 /* SceneDelegate.swift */ = {isa = PBXFileReference; lastKnownFileType = sourcecode.swift; path = SceneDelegate.swift; sourceTree = "<group>"; };
		2C16359827E881BE006C2C24 /* Info.plist */ = {isa = PBXFileReference; lastKnownFileType = text.plist.xml; path = Info.plist; sourceTree = "<group>"; };
		2C16359F27E88201006C2C24 /* LikePicsKit */ = {isa = PBXFileReference; lastKnownFileType = wrapper; name = LikePicsKit; path = ../LikePicsKit; sourceTree = "<group>"; };
		2C1635A327E883A2006C2C24 /* DummyContainer.swift */ = {isa = PBXFileReference; lastKnownFileType = sourcecode.swift; path = DummyContainer.swift; sourceTree = "<group>"; };
		2C1635A927E89AFB006C2C24 /* Assets.xcassets */ = {isa = PBXFileReference; lastKnownFileType = folder.assetcatalog; path = Assets.xcassets; sourceTree = "<group>"; };
		2C1635AB27E89BB1006C2C24 /* LaunchScreen.storyboard */ = {isa = PBXFileReference; fileEncoding = 4; lastKnownFileType = file.storyboard; path = LaunchScreen.storyboard; sourceTree = "<group>"; };
		2C1635AD27E8C53D006C2C24 /* SampleDataProvider.swift */ = {isa = PBXFileReference; lastKnownFileType = sourcecode.swift; path = SampleDataProvider.swift; sourceTree = "<group>"; };
		2C1635B227E8C7AD006C2C24 /* en */ = {isa = PBXFileReference; lastKnownFileType = text.plist.strings; name = en; path = en.lproj/Localizable.strings; sourceTree = "<group>"; };
		2C1635B427E8C7D0006C2C24 /* ja */ = {isa = PBXFileReference; lastKnownFileType = text.plist.strings; name = ja; path = ja.lproj/Localizable.strings; sourceTree = "<group>"; };
		2C1635B927E8CAB9006C2C24 /* SnapshotUITests.xctest */ = {isa = PBXFileReference; explicitFileType = wrapper.cfbundle; includeInIndex = 0; path = SnapshotUITests.xctest; sourceTree = BUILT_PRODUCTS_DIR; };
		2C1635BB27E8CAB9006C2C24 /* SnapshotUITests.swift */ = {isa = PBXFileReference; lastKnownFileType = sourcecode.swift; path = SnapshotUITests.swift; sourceTree = "<group>"; };
		2C1635C427E8CAE1006C2C24 /* SnapshotHelper.swift */ = {isa = PBXFileReference; lastKnownFileType = sourcecode.swift; path = SnapshotHelper.swift; sourceTree = "<group>"; };
/* End PBXFileReference section */

/* Begin PBXFrameworksBuildPhase section */
		2C16358427E881BD006C2C24 /* Frameworks */ = {
			isa = PBXFrameworksBuildPhase;
			buildActionMask = 2147483647;
			files = (
				2C1635A627E88842006C2C24 /* TestHelper in Frameworks */,
				2C1635A227E88330006C2C24 /* AppFeature in Frameworks */,
			);
			runOnlyForDeploymentPostprocessing = 0;
		};
		2C1635B627E8CAB9006C2C24 /* Frameworks */ = {
			isa = PBXFrameworksBuildPhase;
			buildActionMask = 2147483647;
			files = (
			);
			runOnlyForDeploymentPostprocessing = 0;
		};
/* End PBXFrameworksBuildPhase section */

/* Begin PBXGroup section */
		2C16357E27E881BD006C2C24 = {
			isa = PBXGroup;
			children = (
				2C16359E27E88201006C2C24 /* Packages */,
				2C16358A27E881BD006C2C24 /* AppDelegate.swift */,
				2C1635A327E883A2006C2C24 /* DummyContainer.swift */,
				2C16358C27E881BD006C2C24 /* SceneDelegate.swift */,
				2C1635AB27E89BB1006C2C24 /* LaunchScreen.storyboard */,
				2C1635A927E89AFB006C2C24 /* Assets.xcassets */,
				2C16359827E881BE006C2C24 /* Info.plist */,
				2C1635AD27E8C53D006C2C24 /* SampleDataProvider.swift */,
				2C1635B327E8C7AD006C2C24 /* Localizable.strings */,
				2C1635BA27E8CAB9006C2C24 /* SnapshotUITests */,
				2C16358827E881BD006C2C24 /* Products */,
				2C1635A027E88330006C2C24 /* Frameworks */,
			);
			sourceTree = "<group>";
		};
		2C16358827E881BD006C2C24 /* Products */ = {
			isa = PBXGroup;
			children = (
				2C16358727E881BD006C2C24 /* Snapshot.app */,
				2C1635B927E8CAB9006C2C24 /* SnapshotUITests.xctest */,
			);
			name = Products;
			sourceTree = "<group>";
		};
		2C16359E27E88201006C2C24 /* Packages */ = {
			isa = PBXGroup;
			children = (
				2C16359F27E88201006C2C24 /* LikePicsKit */,
			);
			name = Packages;
			sourceTree = "<group>";
		};
		2C1635A027E88330006C2C24 /* Frameworks */ = {
			isa = PBXGroup;
			children = (
			);
			name = Frameworks;
			sourceTree = "<group>";
		};
		2C1635BA27E8CAB9006C2C24 /* SnapshotUITests */ = {
			isa = PBXGroup;
			children = (
				2C1635BB27E8CAB9006C2C24 /* SnapshotUITests.swift */,
				2C1635C427E8CAE1006C2C24 /* SnapshotHelper.swift */,
			);
			path = SnapshotUITests;
			sourceTree = "<group>";
		};
/* End PBXGroup section */

/* Begin PBXNativeTarget section */
		2C16358627E881BD006C2C24 /* Snapshot */ = {
			isa = PBXNativeTarget;
			buildConfigurationList = 2C16359B27E881BE006C2C24 /* Build configuration list for PBXNativeTarget "Snapshot" */;
			buildPhases = (
				2C16358327E881BD006C2C24 /* Sources */,
				2C16358427E881BD006C2C24 /* Frameworks */,
				2C16358527E881BD006C2C24 /* Resources */,
			);
			buildRules = (
			);
			dependencies = (
			);
			name = Snapshot;
			packageProductDependencies = (
				2C1635A127E88330006C2C24 /* AppFeature */,
				2C1635A527E88842006C2C24 /* TestHelper */,
			);
			productName = Snapshot;
			productReference = 2C16358727E881BD006C2C24 /* Snapshot.app */;
			productType = "com.apple.product-type.application";
		};
		2C1635B827E8CAB9006C2C24 /* SnapshotUITests */ = {
			isa = PBXNativeTarget;
			buildConfigurationList = 2C1635C127E8CAB9006C2C24 /* Build configuration list for PBXNativeTarget "SnapshotUITests" */;
			buildPhases = (
				2C1635B527E8CAB9006C2C24 /* Sources */,
				2C1635B627E8CAB9006C2C24 /* Frameworks */,
				2C1635B727E8CAB9006C2C24 /* Resources */,
			);
			buildRules = (
			);
			dependencies = (
				2C1635C027E8CAB9006C2C24 /* PBXTargetDependency */,
			);
			name = SnapshotUITests;
			productName = SnapshotUITests;
			productReference = 2C1635B927E8CAB9006C2C24 /* SnapshotUITests.xctest */;
			productType = "com.apple.product-type.bundle.ui-testing";
		};
/* End PBXNativeTarget section */

/* Begin PBXProject section */
		2C16357F27E881BD006C2C24 /* Project object */ = {
			isa = PBXProject;
			attributes = {
				BuildIndependentTargetsInParallel = 1;
				LastSwiftUpdateCheck = 1330;
				LastUpgradeCheck = 1330;
				TargetAttributes = {
					2C16358627E881BD006C2C24 = {
						CreatedOnToolsVersion = 13.3;
					};
					2C1635B827E8CAB9006C2C24 = {
						CreatedOnToolsVersion = 13.3;
						TestTargetID = 2C16358627E881BD006C2C24;
					};
				};
			};
			buildConfigurationList = 2C16358227E881BD006C2C24 /* Build configuration list for PBXProject "Snapshot" */;
			compatibilityVersion = "Xcode 13.0";
			developmentRegion = en;
			hasScannedForEncodings = 0;
			knownRegions = (
				en,
				Base,
				ja,
			);
			mainGroup = 2C16357E27E881BD006C2C24;
			productRefGroup = 2C16358827E881BD006C2C24 /* Products */;
			projectDirPath = "";
			projectRoot = "";
			targets = (
				2C16358627E881BD006C2C24 /* Snapshot */,
				2C1635B827E8CAB9006C2C24 /* SnapshotUITests */,
			);
		};
/* End PBXProject section */

/* Begin PBXResourcesBuildPhase section */
		2C16358527E881BD006C2C24 /* Resources */ = {
			isa = PBXResourcesBuildPhase;
			buildActionMask = 2147483647;
			files = (
				2C1635AA27E89AFB006C2C24 /* Assets.xcassets in Resources */,
				2C1635B127E8C7AD006C2C24 /* Localizable.strings in Resources */,
				2C1635AC27E89BB1006C2C24 /* LaunchScreen.storyboard in Resources */,
			);
			runOnlyForDeploymentPostprocessing = 0;
		};
		2C1635B727E8CAB9006C2C24 /* Resources */ = {
			isa = PBXResourcesBuildPhase;
			buildActionMask = 2147483647;
			files = (
			);
			runOnlyForDeploymentPostprocessing = 0;
		};
/* End PBXResourcesBuildPhase section */

/* Begin PBXSourcesBuildPhase section */
		2C16358327E881BD006C2C24 /* Sources */ = {
			isa = PBXSourcesBuildPhase;
			buildActionMask = 2147483647;
			files = (
				2C16358B27E881BD006C2C24 /* AppDelegate.swift in Sources */,
				2C1635A427E883A2006C2C24 /* DummyContainer.swift in Sources */,
				2C1635AE27E8C53D006C2C24 /* SampleDataProvider.swift in Sources */,
				2C16358D27E881BD006C2C24 /* SceneDelegate.swift in Sources */,
			);
			runOnlyForDeploymentPostprocessing = 0;
		};
		2C1635B527E8CAB9006C2C24 /* Sources */ = {
			isa = PBXSourcesBuildPhase;
			buildActionMask = 2147483647;
			files = (
				2C1635BC27E8CAB9006C2C24 /* SnapshotUITests.swift in Sources */,
				2C1635C527E8CAE1006C2C24 /* SnapshotHelper.swift in Sources */,
			);
			runOnlyForDeploymentPostprocessing = 0;
		};
/* End PBXSourcesBuildPhase section */

/* Begin PBXTargetDependency section */
		2C1635C027E8CAB9006C2C24 /* PBXTargetDependency */ = {
			isa = PBXTargetDependency;
			target = 2C16358627E881BD006C2C24 /* Snapshot */;
			targetProxy = 2C1635BF27E8CAB9006C2C24 /* PBXContainerItemProxy */;
		};
/* End PBXTargetDependency section */

/* Begin PBXVariantGroup section */
		2C1635B327E8C7AD006C2C24 /* Localizable.strings */ = {
			isa = PBXVariantGroup;
			children = (
				2C1635B227E8C7AD006C2C24 /* en */,
				2C1635B427E8C7D0006C2C24 /* ja */,
			);
			name = Localizable.strings;
			sourceTree = "<group>";
		};
/* End PBXVariantGroup section */

/* Begin XCBuildConfiguration section */
		2C16359927E881BE006C2C24 /* Debug */ = {
			isa = XCBuildConfiguration;
			buildSettings = {
				ALWAYS_SEARCH_USER_PATHS = NO;
				CLANG_ANALYZER_LOCALIZABILITY_NONLOCALIZED = YES;
				CLANG_ANALYZER_NONNULL = YES;
				CLANG_ANALYZER_NUMBER_OBJECT_CONVERSION = YES_AGGRESSIVE;
				CLANG_CXX_LANGUAGE_STANDARD = "gnu++17";
				CLANG_ENABLE_MODULES = YES;
				CLANG_ENABLE_OBJC_ARC = YES;
				CLANG_ENABLE_OBJC_WEAK = YES;
				CLANG_WARN_BLOCK_CAPTURE_AUTORELEASING = YES;
				CLANG_WARN_BOOL_CONVERSION = YES;
				CLANG_WARN_COMMA = YES;
				CLANG_WARN_CONSTANT_CONVERSION = YES;
				CLANG_WARN_DEPRECATED_OBJC_IMPLEMENTATIONS = YES;
				CLANG_WARN_DIRECT_OBJC_ISA_USAGE = YES_ERROR;
				CLANG_WARN_DOCUMENTATION_COMMENTS = YES;
				CLANG_WARN_EMPTY_BODY = YES;
				CLANG_WARN_ENUM_CONVERSION = YES;
				CLANG_WARN_INFINITE_RECURSION = YES;
				CLANG_WARN_INT_CONVERSION = YES;
				CLANG_WARN_NON_LITERAL_NULL_CONVERSION = YES;
				CLANG_WARN_OBJC_IMPLICIT_RETAIN_SELF = YES;
				CLANG_WARN_OBJC_LITERAL_CONVERSION = YES;
				CLANG_WARN_OBJC_ROOT_CLASS = YES_ERROR;
				CLANG_WARN_QUOTED_INCLUDE_IN_FRAMEWORK_HEADER = YES;
				CLANG_WARN_RANGE_LOOP_ANALYSIS = YES;
				CLANG_WARN_STRICT_PROTOTYPES = YES;
				CLANG_WARN_SUSPICIOUS_MOVE = YES;
				CLANG_WARN_UNGUARDED_AVAILABILITY = YES_AGGRESSIVE;
				CLANG_WARN_UNREACHABLE_CODE = YES;
				CLANG_WARN__DUPLICATE_METHOD_MATCH = YES;
				COPY_PHASE_STRIP = NO;
				DEBUG_INFORMATION_FORMAT = dwarf;
				ENABLE_STRICT_OBJC_MSGSEND = YES;
				ENABLE_TESTABILITY = YES;
				GCC_C_LANGUAGE_STANDARD = gnu11;
				GCC_DYNAMIC_NO_PIC = NO;
				GCC_NO_COMMON_BLOCKS = YES;
				GCC_OPTIMIZATION_LEVEL = 0;
				GCC_PREPROCESSOR_DEFINITIONS = (
					"DEBUG=1",
					"$(inherited)",
				);
				GCC_WARN_64_TO_32_BIT_CONVERSION = YES;
				GCC_WARN_ABOUT_RETURN_TYPE = YES_ERROR;
				GCC_WARN_UNDECLARED_SELECTOR = YES;
				GCC_WARN_UNINITIALIZED_AUTOS = YES_AGGRESSIVE;
				GCC_WARN_UNUSED_FUNCTION = YES;
				GCC_WARN_UNUSED_VARIABLE = YES;
				IPHONEOS_DEPLOYMENT_TARGET = 15.4;
				MTL_ENABLE_DEBUG_INFO = INCLUDE_SOURCE;
				MTL_FAST_MATH = YES;
				ONLY_ACTIVE_ARCH = YES;
				SDKROOT = iphoneos;
				SWIFT_ACTIVE_COMPILATION_CONDITIONS = DEBUG;
				SWIFT_OPTIMIZATION_LEVEL = "-Onone";
			};
			name = Debug;
		};
		2C16359A27E881BE006C2C24 /* Release */ = {
			isa = XCBuildConfiguration;
			buildSettings = {
				ALWAYS_SEARCH_USER_PATHS = NO;
				CLANG_ANALYZER_LOCALIZABILITY_NONLOCALIZED = YES;
				CLANG_ANALYZER_NONNULL = YES;
				CLANG_ANALYZER_NUMBER_OBJECT_CONVERSION = YES_AGGRESSIVE;
				CLANG_CXX_LANGUAGE_STANDARD = "gnu++17";
				CLANG_ENABLE_MODULES = YES;
				CLANG_ENABLE_OBJC_ARC = YES;
				CLANG_ENABLE_OBJC_WEAK = YES;
				CLANG_WARN_BLOCK_CAPTURE_AUTORELEASING = YES;
				CLANG_WARN_BOOL_CONVERSION = YES;
				CLANG_WARN_COMMA = YES;
				CLANG_WARN_CONSTANT_CONVERSION = YES;
				CLANG_WARN_DEPRECATED_OBJC_IMPLEMENTATIONS = YES;
				CLANG_WARN_DIRECT_OBJC_ISA_USAGE = YES_ERROR;
				CLANG_WARN_DOCUMENTATION_COMMENTS = YES;
				CLANG_WARN_EMPTY_BODY = YES;
				CLANG_WARN_ENUM_CONVERSION = YES;
				CLANG_WARN_INFINITE_RECURSION = YES;
				CLANG_WARN_INT_CONVERSION = YES;
				CLANG_WARN_NON_LITERAL_NULL_CONVERSION = YES;
				CLANG_WARN_OBJC_IMPLICIT_RETAIN_SELF = YES;
				CLANG_WARN_OBJC_LITERAL_CONVERSION = YES;
				CLANG_WARN_OBJC_ROOT_CLASS = YES_ERROR;
				CLANG_WARN_QUOTED_INCLUDE_IN_FRAMEWORK_HEADER = YES;
				CLANG_WARN_RANGE_LOOP_ANALYSIS = YES;
				CLANG_WARN_STRICT_PROTOTYPES = YES;
				CLANG_WARN_SUSPICIOUS_MOVE = YES;
				CLANG_WARN_UNGUARDED_AVAILABILITY = YES_AGGRESSIVE;
				CLANG_WARN_UNREACHABLE_CODE = YES;
				CLANG_WARN__DUPLICATE_METHOD_MATCH = YES;
				COPY_PHASE_STRIP = NO;
				DEBUG_INFORMATION_FORMAT = "dwarf-with-dsym";
				ENABLE_NS_ASSERTIONS = NO;
				ENABLE_STRICT_OBJC_MSGSEND = YES;
				GCC_C_LANGUAGE_STANDARD = gnu11;
				GCC_NO_COMMON_BLOCKS = YES;
				GCC_WARN_64_TO_32_BIT_CONVERSION = YES;
				GCC_WARN_ABOUT_RETURN_TYPE = YES_ERROR;
				GCC_WARN_UNDECLARED_SELECTOR = YES;
				GCC_WARN_UNINITIALIZED_AUTOS = YES_AGGRESSIVE;
				GCC_WARN_UNUSED_FUNCTION = YES;
				GCC_WARN_UNUSED_VARIABLE = YES;
				IPHONEOS_DEPLOYMENT_TARGET = 15.4;
				MTL_ENABLE_DEBUG_INFO = NO;
				MTL_FAST_MATH = YES;
				SDKROOT = iphoneos;
				SWIFT_COMPILATION_MODE = wholemodule;
				SWIFT_OPTIMIZATION_LEVEL = "-O";
				VALIDATE_PRODUCT = YES;
			};
			name = Release;
		};
		2C16359C27E881BE006C2C24 /* Debug */ = {
			isa = XCBuildConfiguration;
			buildSettings = {
				ASSETCATALOG_COMPILER_APPICON_NAME = AppIcon;
				ASSETCATALOG_COMPILER_GLOBAL_ACCENT_COLOR_NAME = AccentColor;
				CODE_SIGN_STYLE = Manual;
				CURRENT_PROJECT_VERSION = 1;
				DEVELOPMENT_TEAM = "";
				GENERATE_INFOPLIST_FILE = YES;
				INFOPLIST_FILE = Info.plist;
				INFOPLIST_KEY_UIApplicationSupportsIndirectInputEvents = YES;
				INFOPLIST_KEY_UILaunchStoryboardName = LaunchScreen;
				INFOPLIST_KEY_UISupportedInterfaceOrientations = "UIInterfaceOrientationPortrait UIInterfaceOrientationLandscapeLeft UIInterfaceOrientationLandscapeRight";
				INFOPLIST_KEY_UISupportedInterfaceOrientations_iPad = "UIInterfaceOrientationPortrait UIInterfaceOrientationPortraitUpsideDown UIInterfaceOrientationLandscapeLeft UIInterfaceOrientationLandscapeRight";
				INFOPLIST_KEY_UISupportedInterfaceOrientations_iPhone = "UIInterfaceOrientationPortrait UIInterfaceOrientationLandscapeLeft UIInterfaceOrientationLandscapeRight";
				LD_RUNPATH_SEARCH_PATHS = (
					"$(inherited)",
					"@executable_path/Frameworks",
				);
				MARKETING_VERSION = 1.0;
				PRODUCT_BUNDLE_IDENTIFIER = net.tasuwo.TBox.Snapshot;
				PRODUCT_NAME = "$(TARGET_NAME)";
				PROVISIONING_PROFILE_SPECIFIER = "";
				SWIFT_EMIT_LOC_STRINGS = YES;
				SWIFT_VERSION = 5.0;
				TARGETED_DEVICE_FAMILY = "1,2";
			};
			name = Debug;
		};
		2C16359D27E881BE006C2C24 /* Release */ = {
			isa = XCBuildConfiguration;
			buildSettings = {
				ASSETCATALOG_COMPILER_APPICON_NAME = AppIcon;
				ASSETCATALOG_COMPILER_GLOBAL_ACCENT_COLOR_NAME = AccentColor;
				CODE_SIGN_STYLE = Manual;
				CURRENT_PROJECT_VERSION = 1;
				DEVELOPMENT_TEAM = "";
				GENERATE_INFOPLIST_FILE = YES;
				INFOPLIST_FILE = Info.plist;
				INFOPLIST_KEY_UIApplicationSupportsIndirectInputEvents = YES;
				INFOPLIST_KEY_UILaunchStoryboardName = LaunchScreen;
				INFOPLIST_KEY_UISupportedInterfaceOrientations = "UIInterfaceOrientationPortrait UIInterfaceOrientationLandscapeLeft UIInterfaceOrientationLandscapeRight";
				INFOPLIST_KEY_UISupportedInterfaceOrientations_iPad = "UIInterfaceOrientationPortrait UIInterfaceOrientationPortraitUpsideDown UIInterfaceOrientationLandscapeLeft UIInterfaceOrientationLandscapeRight";
				INFOPLIST_KEY_UISupportedInterfaceOrientations_iPhone = "UIInterfaceOrientationPortrait UIInterfaceOrientationLandscapeLeft UIInterfaceOrientationLandscapeRight";
				LD_RUNPATH_SEARCH_PATHS = (
					"$(inherited)",
					"@executable_path/Frameworks",
				);
				MARKETING_VERSION = 1.0;
				PRODUCT_BUNDLE_IDENTIFIER = net.tasuwo.TBox.Snapshot;
				PRODUCT_NAME = "$(TARGET_NAME)";
				PROVISIONING_PROFILE_SPECIFIER = "";
				SWIFT_EMIT_LOC_STRINGS = YES;
				SWIFT_VERSION = 5.0;
				TARGETED_DEVICE_FAMILY = "1,2";
			};
			name = Release;
		};
		2C1635C227E8CAB9006C2C24 /* Debug */ = {
			isa = XCBuildConfiguration;
			buildSettings = {
				CODE_SIGN_STYLE = Automatic;
				CURRENT_PROJECT_VERSION = 1;
				GENERATE_INFOPLIST_FILE = YES;
				MARKETING_VERSION = 1.0;
				PRODUCT_BUNDLE_IDENTIFIER = net.tasuwo.TBox.SnapshotUITests;
				PRODUCT_NAME = "$(TARGET_NAME)";
				SWIFT_EMIT_LOC_STRINGS = NO;
				SWIFT_VERSION = 5.0;
				TARGETED_DEVICE_FAMILY = "1,2";
				TEST_TARGET_NAME = Snapshot;
			};
			name = Debug;
		};
		2C1635C327E8CAB9006C2C24 /* Release */ = {
			isa = XCBuildConfiguration;
			buildSettings = {
				CODE_SIGN_STYLE = Automatic;
				CURRENT_PROJECT_VERSION = 1;
				GENERATE_INFOPLIST_FILE = YES;
				MARKETING_VERSION = 1.0;
				PRODUCT_BUNDLE_IDENTIFIER = net.tasuwo.TBox.SnapshotUITests;
				PRODUCT_NAME = "$(TARGET_NAME)";
				SWIFT_EMIT_LOC_STRINGS = NO;
				SWIFT_VERSION = 5.0;
				TARGETED_DEVICE_FAMILY = "1,2";
				TEST_TARGET_NAME = Snapshot;
			};
			name = Release;
		};
/* End XCBuildConfiguration section */

/* Begin XCConfigurationList section */
		2C16358227E881BD006C2C24 /* Build configuration list for PBXProject "Snapshot" */ = {
			isa = XCConfigurationList;
			buildConfigurations = (
				2C16359927E881BE006C2C24 /* Debug */,
				2C16359A27E881BE006C2C24 /* Release */,
			);
			defaultConfigurationIsVisible = 0;
			defaultConfigurationName = Release;
		};
		2C16359B27E881BE006C2C24 /* Build configuration list for PBXNativeTarget "Snapshot" */ = {
			isa = XCConfigurationList;
			buildConfigurations = (
				2C16359C27E881BE006C2C24 /* Debug */,
				2C16359D27E881BE006C2C24 /* Release */,
			);
			defaultConfigurationIsVisible = 0;
			defaultConfigurationName = Release;
		};
		2C1635C127E8CAB9006C2C24 /* Build configuration list for PBXNativeTarget "SnapshotUITests" */ = {
			isa = XCConfigurationList;
			buildConfigurations = (
				2C1635C227E8CAB9006C2C24 /* Debug */,
				2C1635C327E8CAB9006C2C24 /* Release */,
			);
			defaultConfigurationIsVisible = 0;
			defaultConfigurationName = Release;
		};
/* End XCConfigurationList section */

/* Begin XCSwiftPackageProductDependency section */
		2C1635A127E88330006C2C24 /* AppFeature */ = {
			isa = XCSwiftPackageProductDependency;
			productName = AppFeature;
		};
		2C1635A527E88842006C2C24 /* TestHelper */ = {
			isa = XCSwiftPackageProductDependency;
			productName = TestHelper;
		};
/* End XCSwiftPackageProductDependency section */
	};
	rootObject = 2C16357F27E881BD006C2C24 /* Project object */;
}
